// !$*UTF8*$!
{
	archiveVersion = 1;
	classes = {
	};
	objectVersion = 56;
	objects = {

/* Begin PBXBuildFile section */
		60D9B1ED7748FF69DE0095DE /* Pods_ChatApp.framework in Frameworks */ = {isa = PBXBuildFile; fileRef = 465D05353F9EEEF239125666 /* Pods_ChatApp.framework */; };
		8501E6CF29DD7A45002949E6 /* TabBarController.swift in Sources */ = {isa = PBXBuildFile; fileRef = 8501E6CE29DD7A45002949E6 /* TabBarController.swift */; };
		853DB3FE29FBBA0200B6605F /* URLRequestFactory.swift in Sources */ = {isa = PBXBuildFile; fileRef = 853DB3FD29FBBA0200B6605F /* URLRequestFactory.swift */; };
		853DB40029FBBA1200B6605F /* URLRequestFactoryProtocol.swift in Sources */ = {isa = PBXBuildFile; fileRef = 853DB3FF29FBBA1200B6605F /* URLRequestFactoryProtocol.swift */; };
		853DB40229FBD44200B6605F /* ImageSelectionPresenter.swift in Sources */ = {isa = PBXBuildFile; fileRef = 853DB40129FBD44200B6605F /* ImageSelectionPresenter.swift */; };
		853DB40429FBD47A00B6605F /* ImageSelectionViewInput.swift in Sources */ = {isa = PBXBuildFile; fileRef = 853DB40329FBD47A00B6605F /* ImageSelectionViewInput.swift */; };
		853DB40629FBD48D00B6605F /* ImageSelectionViewOutput.swift in Sources */ = {isa = PBXBuildFile; fileRef = 853DB40529FBD48D00B6605F /* ImageSelectionViewOutput.swift */; };
		853DB40C29FBEADF00B6605F /* ImageSelectionAssembly.swift in Sources */ = {isa = PBXBuildFile; fileRef = 853DB40B29FBEADF00B6605F /* ImageSelectionAssembly.swift */; };
		853DB40E29FBED5200B6605F /* ProfileEditingModuleOutput.swift in Sources */ = {isa = PBXBuildFile; fileRef = 853DB40D29FBED5200B6605F /* ProfileEditingModuleOutput.swift */; };
		853DB41029FBF5E900B6605F /* ImageSelectionDelegate.swift in Sources */ = {isa = PBXBuildFile; fileRef = 853DB40F29FBF5E900B6605F /* ImageSelectionDelegate.swift */; };
		853DB41229FBFDE500B6605F /* ConversationModuleOutput.swift in Sources */ = {isa = PBXBuildFile; fileRef = 853DB41129FBFDE500B6605F /* ConversationModuleOutput.swift */; };
		8546F01929EEED9D00ECDF0E /* ThemeSaverProtocol.swift in Sources */ = {isa = PBXBuildFile; fileRef = 8546F01829EEED9D00ECDF0E /* ThemeSaverProtocol.swift */; };
		8546F01B29EEEFC800ECDF0E /* UserProfileDataServiceProtocol.swift in Sources */ = {isa = PBXBuildFile; fileRef = 8546F01A29EEEFC800ECDF0E /* UserProfileDataServiceProtocol.swift */; };
		8546F01D29EEF0F000ECDF0E /* ChatDataSourceProtocol.swift in Sources */ = {isa = PBXBuildFile; fileRef = 8546F01C29EEF0F000ECDF0E /* ChatDataSourceProtocol.swift */; };
		8546F01F29EEF16600ECDF0E /* CoreDataServiceProtocol.swift in Sources */ = {isa = PBXBuildFile; fileRef = 8546F01E29EEF16600ECDF0E /* CoreDataServiceProtocol.swift */; };
		8546F02329EEF5A000ECDF0E /* ThemesViewController.swift in Sources */ = {isa = PBXBuildFile; fileRef = 8546F02229EEF5A000ECDF0E /* ThemesViewController.swift */; };
		8546F02529EEF5B800ECDF0E /* ThemesPresenter.swift in Sources */ = {isa = PBXBuildFile; fileRef = 8546F02429EEF5B800ECDF0E /* ThemesPresenter.swift */; };
		8546F03129EF040300ECDF0E /* ThemesViewInput.swift in Sources */ = {isa = PBXBuildFile; fileRef = 8546F03029EF040300ECDF0E /* ThemesViewInput.swift */; };
		8546F03329EF044700ECDF0E /* ThemesViewOutput.swift in Sources */ = {isa = PBXBuildFile; fileRef = 8546F03229EF044700ECDF0E /* ThemesViewOutput.swift */; };
		8546F03529EF04A500ECDF0E /* ProfileEditingViewController.swift in Sources */ = {isa = PBXBuildFile; fileRef = 8546F03429EF04A500ECDF0E /* ProfileEditingViewController.swift */; };
		8546F03729EF04BA00ECDF0E /* ProfileEditingViewInput.swift in Sources */ = {isa = PBXBuildFile; fileRef = 8546F03629EF04BA00ECDF0E /* ProfileEditingViewInput.swift */; };
		8546F03929EF04D900ECDF0E /* ProfileEditingViewOutput.swift in Sources */ = {isa = PBXBuildFile; fileRef = 8546F03829EF04D900ECDF0E /* ProfileEditingViewOutput.swift */; };
		8546F03B29EF053200ECDF0E /* ProfileEditingPresenter.swift in Sources */ = {isa = PBXBuildFile; fileRef = 8546F03A29EF053200ECDF0E /* ProfileEditingPresenter.swift */; };
		8546F03D29EF112000ECDF0E /* ConversationViewController.swift in Sources */ = {isa = PBXBuildFile; fileRef = 8546F03C29EF112000ECDF0E /* ConversationViewController.swift */; };
		8546F03F29EF114800ECDF0E /* ConversationViewInput.swift in Sources */ = {isa = PBXBuildFile; fileRef = 8546F03E29EF114800ECDF0E /* ConversationViewInput.swift */; };
		8546F04129EF116300ECDF0E /* ConversationViewOutput.swift in Sources */ = {isa = PBXBuildFile; fileRef = 8546F04029EF116300ECDF0E /* ConversationViewOutput.swift */; };
		8546F04329EF11B100ECDF0E /* ConversationPresenter.swift in Sources */ = {isa = PBXBuildFile; fileRef = 8546F04229EF11B100ECDF0E /* ConversationPresenter.swift */; };
		8546F04529EF133800ECDF0E /* ConversationsListViewController.swift in Sources */ = {isa = PBXBuildFile; fileRef = 8546F04429EF133800ECDF0E /* ConversationsListViewController.swift */; };
		8546F04729EF135D00ECDF0E /* ConversationsListViewInput.swift in Sources */ = {isa = PBXBuildFile; fileRef = 8546F04629EF135D00ECDF0E /* ConversationsListViewInput.swift */; };
		8546F04929EF148000ECDF0E /* ConversationsListViewOutput.swift in Sources */ = {isa = PBXBuildFile; fileRef = 8546F04829EF148000ECDF0E /* ConversationsListViewOutput.swift */; };
		8546F04B29EF150A00ECDF0E /* ConversationsListPresenter.swift in Sources */ = {isa = PBXBuildFile; fileRef = 8546F04A29EF150A00ECDF0E /* ConversationsListPresenter.swift */; };
		8546F05029EF1D6F00ECDF0E /* RootCoordinator.swift in Sources */ = {isa = PBXBuildFile; fileRef = 8546F04F29EF1D6F00ECDF0E /* RootCoordinator.swift */; };
		8546F05229EF1E2100ECDF0E /* ServiceAssembly.swift in Sources */ = {isa = PBXBuildFile; fileRef = 8546F05129EF1E2100ECDF0E /* ServiceAssembly.swift */; };
		8546F05429EF1F3300ECDF0E /* ThemesAssembly.swift in Sources */ = {isa = PBXBuildFile; fileRef = 8546F05329EF1F3300ECDF0E /* ThemesAssembly.swift */; };
		8546F05629EF1F6200ECDF0E /* ProfileEditingAssembly.swift in Sources */ = {isa = PBXBuildFile; fileRef = 8546F05529EF1F6200ECDF0E /* ProfileEditingAssembly.swift */; };
		8546F05829EF1F7600ECDF0E /* ConversationAssembly.swift in Sources */ = {isa = PBXBuildFile; fileRef = 8546F05729EF1F7600ECDF0E /* ConversationAssembly.swift */; };
		8546F05A29EF1F8D00ECDF0E /* ConversationsListAssembly.swift in Sources */ = {isa = PBXBuildFile; fileRef = 8546F05929EF1F8D00ECDF0E /* ConversationsListAssembly.swift */; };
		8546F05D29F0211100ECDF0E /* ThemeService.swift in Sources */ = {isa = PBXBuildFile; fileRef = 8546F05C29F0211100ECDF0E /* ThemeService.swift */; };
		8546F05F29F0269F00ECDF0E /* ThemeServiceProtocol.swift in Sources */ = {isa = PBXBuildFile; fileRef = 8546F05E29F0269F00ECDF0E /* ThemeServiceProtocol.swift */; };
		8546F06629F135BF00ECDF0E /* ConversationsListModuleOutput.swift in Sources */ = {isa = PBXBuildFile; fileRef = 8546F06529F135BF00ECDF0E /* ConversationsListModuleOutput.swift */; };
		8546F06A29F17ECE00ECDF0E /* UserService.swift in Sources */ = {isa = PBXBuildFile; fileRef = 8546F06929F17ECE00ECDF0E /* UserService.swift */; };
		8546F06C29F17EE400ECDF0E /* UserServiceProtocol.swift in Sources */ = {isa = PBXBuildFile; fileRef = 8546F06B29F17EE400ECDF0E /* UserServiceProtocol.swift */; };
		8546F06F29F7E9E400ECDF0E /* ImageSelectionViewController.swift in Sources */ = {isa = PBXBuildFile; fileRef = 8546F06E29F7E9E400ECDF0E /* ImageSelectionViewController.swift */; };
		8546F07129F808AF00ECDF0E /* ImageCell.swift in Sources */ = {isa = PBXBuildFile; fileRef = 8546F07029F808AF00ECDF0E /* ImageCell.swift */; };
		8549A83B29D2F69C00F0B2E3 /* UserProfileDataService.swift in Sources */ = {isa = PBXBuildFile; fileRef = 8549A83A29D2F69C00F0B2E3 /* UserProfileDataService.swift */; };
		8549A88129DC31D600F0B2E3 /* ProfileEditingViewControllerExtension.swift in Sources */ = {isa = PBXBuildFile; fileRef = 8549A88029DC31D600F0B2E3 /* ProfileEditingViewControllerExtension.swift */; };
		855940872A019EB90065A30E /* ProfileViewController.swift in Sources */ = {isa = PBXBuildFile; fileRef = 855940862A019EB90065A30E /* ProfileViewController.swift */; };
		855940892A019ED00065A30E /* ProfilePresenter.swift in Sources */ = {isa = PBXBuildFile; fileRef = 855940882A019ED00065A30E /* ProfilePresenter.swift */; };
		8559408B2A01A0010065A30E /* ProfileViewInput.swift in Sources */ = {isa = PBXBuildFile; fileRef = 8559408A2A01A0010065A30E /* ProfileViewInput.swift */; };
		8559408D2A01A0130065A30E /* ProfileViewOutput.swift in Sources */ = {isa = PBXBuildFile; fileRef = 8559408C2A01A0130065A30E /* ProfileViewOutput.swift */; };
		8559408F2A01A02F0065A30E /* ProfileModuleOutput.swift in Sources */ = {isa = PBXBuildFile; fileRef = 8559408E2A01A02F0065A30E /* ProfileModuleOutput.swift */; };
		855940932A02836A0065A30E /* ProfileAssembly.swift in Sources */ = {isa = PBXBuildFile; fileRef = 855940922A02836A0065A30E /* ProfileAssembly.swift */; };
		855940972A02B55E0065A30E /* ProfileSaveDelegate.swift in Sources */ = {isa = PBXBuildFile; fileRef = 855940962A02B55E0065A30E /* ProfileSaveDelegate.swift */; };
		855940A12A0307470065A30E /* HerbCreator.swift in Sources */ = {isa = PBXBuildFile; fileRef = 855940A02A0307470065A30E /* HerbCreator.swift */; };
		855940A52A03A7360065A30E /* CustomTransitionAnimator.swift in Sources */ = {isa = PBXBuildFile; fileRef = 855940A42A03A7360065A30E /* CustomTransitionAnimator.swift */; };
		855940A72A03A7660065A30E /* CustomTransitionDelegate.swift in Sources */ = {isa = PBXBuildFile; fileRef = 855940A62A03A7660065A30E /* CustomTransitionDelegate.swift */; };
		855940A92A03ACD90065A30E /* HerbCreatorProtocol.swift in Sources */ = {isa = PBXBuildFile; fileRef = 855940A82A03ACD90065A30E /* HerbCreatorProtocol.swift */; };
		855940B12A0BD8FA0065A30E /* ImageServiceTests.swift in Sources */ = {isa = PBXBuildFile; fileRef = 855940B02A0BD8FA0065A30E /* ImageServiceTests.swift */; };
		855940BE2A0BD9200065A30E /* ProfileUITests.swift in Sources */ = {isa = PBXBuildFile; fileRef = 855940BD2A0BD9200065A30E /* ProfileUITests.swift */; };
		855940CB2A0C06E80065A30E /* MockNetworkService.swift in Sources */ = {isa = PBXBuildFile; fileRef = 855940CA2A0C06E80065A30E /* MockNetworkService.swift */; };
		859F3FB029E4422700466172 /* Chat.xcdatamodeld in Sources */ = {isa = PBXBuildFile; fileRef = 859F3FAE29E4422700466172 /* Chat.xcdatamodeld */; };
		859F3FB229E44CA700466172 /* CoreDataService.swift in Sources */ = {isa = PBXBuildFile; fileRef = 859F3FB129E44CA700466172 /* CoreDataService.swift */; };
		859F3FB429E44E7300466172 /* ChatDataSource.swift in Sources */ = {isa = PBXBuildFile; fileRef = 859F3FB329E44E7300466172 /* ChatDataSource.swift */; };
		85A1E7C629A687BA004AD1F4 /* AppDelegate.swift in Sources */ = {isa = PBXBuildFile; fileRef = 85A1E7C529A687BA004AD1F4 /* AppDelegate.swift */; };
		85A1E7CF29A687BD004AD1F4 /* Assets.xcassets in Resources */ = {isa = PBXBuildFile; fileRef = 85A1E7CE29A687BD004AD1F4 /* Assets.xcassets */; };
		85A1E7D229A687BD004AD1F4 /* LaunchScreen.storyboard in Resources */ = {isa = PBXBuildFile; fileRef = 85A1E7D029A687BD004AD1F4 /* LaunchScreen.storyboard */; };
		85A1E7DA29A68B0A004AD1F4 /* Logger.swift in Sources */ = {isa = PBXBuildFile; fileRef = 85A1E7D929A68B0A004AD1F4 /* Logger.swift */; };
		85A1E7EC29AF6BF0004AD1F4 /* UIColor.swift in Sources */ = {isa = PBXBuildFile; fileRef = 85A1E7EB29AF6BF0004AD1F4 /* UIColor.swift */; };
		85A1E7EE29AF6C1B004AD1F4 /* UIFont.swift in Sources */ = {isa = PBXBuildFile; fileRef = 85A1E7ED29AF6C1B004AD1F4 /* UIFont.swift */; };
		85A1E7F229B5E028004AD1F4 /* ConversationCellModel.swift in Sources */ = {isa = PBXBuildFile; fileRef = 85A1E7F129B5E028004AD1F4 /* ConversationCellModel.swift */; };
		85A1E7F429B5E0CA004AD1F4 /* ConversationCell.swift in Sources */ = {isa = PBXBuildFile; fileRef = 85A1E7F329B5E0CA004AD1F4 /* ConversationCell.swift */; };
		85A1E7F629B88B3C004AD1F4 /* UserProfileViewModel.swift in Sources */ = {isa = PBXBuildFile; fileRef = 85A1E7F529B88B3C004AD1F4 /* UserProfileViewModel.swift */; };
		85A1E7F829B8A148004AD1F4 /* MessageTableViewCell.swift in Sources */ = {isa = PBXBuildFile; fileRef = 85A1E7F729B8A148004AD1F4 /* MessageTableViewCell.swift */; };
		85A1E7FA29B8A233004AD1F4 /* MessageModel.swift in Sources */ = {isa = PBXBuildFile; fileRef = 85A1E7F929B8A233004AD1F4 /* MessageModel.swift */; };
		85C0028129FAA20F00DE2047 /* ConversationListDataSource.swift in Sources */ = {isa = PBXBuildFile; fileRef = 85C0028029FAA20F00DE2047 /* ConversationListDataSource.swift */; };
		85C0028329FACD7B00DE2047 /* ConversationDataSource.swift in Sources */ = {isa = PBXBuildFile; fileRef = 85C0028229FACD7B00DE2047 /* ConversationDataSource.swift */; };
		85C002A629FBA4BB00DE2047 /* NetworkService.swift in Sources */ = {isa = PBXBuildFile; fileRef = 85C002A529FBA4BB00DE2047 /* NetworkService.swift */; };
		85C002A829FBA4CF00DE2047 /* NetworkServiceProtocol.swift in Sources */ = {isa = PBXBuildFile; fileRef = 85C002A729FBA4CF00DE2047 /* NetworkServiceProtocol.swift */; };
		85C002AA29FBA69900DE2047 /* ImageService.swift in Sources */ = {isa = PBXBuildFile; fileRef = 85C002A929FBA69900DE2047 /* ImageService.swift */; };
		85C002AD29FBA6CA00DE2047 /* ImageServiceProtocol.swift in Sources */ = {isa = PBXBuildFile; fileRef = 85C002AC29FBA6CA00DE2047 /* ImageServiceProtocol.swift */; };
		85C002B129FBA75900DE2047 /* TFSError.swift in Sources */ = {isa = PBXBuildFile; fileRef = 85C002B029FBA75900DE2047 /* TFSError.swift */; };
		85C002B329FBAEF200DE2047 /* PixabyModel.swift in Sources */ = {isa = PBXBuildFile; fileRef = 85C002B229FBAEF200DE2047 /* PixabyModel.swift */; };
		85F3A8F229CA04EB00ACBB6C /* GCDThemeSaver.swift in Sources */ = {isa = PBXBuildFile; fileRef = 85F3A8F129CA04EB00ACBB6C /* GCDThemeSaver.swift */; };
/* End PBXBuildFile section */

/* Begin PBXContainerItemProxy section */
		855940B22A0BD8FA0065A30E /* PBXContainerItemProxy */ = {
			isa = PBXContainerItemProxy;
			containerPortal = 85A1E7BA29A687BA004AD1F4 /* Project object */;
			proxyType = 1;
			remoteGlobalIDString = 85A1E7C129A687BA004AD1F4;
			remoteInfo = ChatApp;
		};
		855940C12A0BD9200065A30E /* PBXContainerItemProxy */ = {
			isa = PBXContainerItemProxy;
			containerPortal = 85A1E7BA29A687BA004AD1F4 /* Project object */;
			proxyType = 1;
			remoteGlobalIDString = 85A1E7C129A687BA004AD1F4;
			remoteInfo = ChatApp;
		};
/* End PBXContainerItemProxy section */

/* Begin PBXFileReference section */
		175FEF3CAB6F54FC245259A3 /* Pods-ChatApp.release.xcconfig */ = {isa = PBXFileReference; includeInIndex = 1; lastKnownFileType = text.xcconfig; name = "Pods-ChatApp.release.xcconfig"; path = "Target Support Files/Pods-ChatApp/Pods-ChatApp.release.xcconfig"; sourceTree = "<group>"; };
		465D05353F9EEEF239125666 /* Pods_ChatApp.framework */ = {isa = PBXFileReference; explicitFileType = wrapper.framework; includeInIndex = 0; path = Pods_ChatApp.framework; sourceTree = BUILT_PRODUCTS_DIR; };
		7168F416F897AFBB3BD2E288 /* Pods-ChatApp.debug.xcconfig */ = {isa = PBXFileReference; includeInIndex = 1; lastKnownFileType = text.xcconfig; name = "Pods-ChatApp.debug.xcconfig"; path = "Target Support Files/Pods-ChatApp/Pods-ChatApp.debug.xcconfig"; sourceTree = "<group>"; };
		8501E6CE29DD7A45002949E6 /* TabBarController.swift */ = {isa = PBXFileReference; lastKnownFileType = sourcecode.swift; path = TabBarController.swift; sourceTree = "<group>"; };
		853DB3FD29FBBA0200B6605F /* URLRequestFactory.swift */ = {isa = PBXFileReference; lastKnownFileType = sourcecode.swift; path = URLRequestFactory.swift; sourceTree = "<group>"; };
		853DB3FF29FBBA1200B6605F /* URLRequestFactoryProtocol.swift */ = {isa = PBXFileReference; lastKnownFileType = sourcecode.swift; path = URLRequestFactoryProtocol.swift; sourceTree = "<group>"; };
		853DB40129FBD44200B6605F /* ImageSelectionPresenter.swift */ = {isa = PBXFileReference; lastKnownFileType = sourcecode.swift; path = ImageSelectionPresenter.swift; sourceTree = "<group>"; };
		853DB40329FBD47A00B6605F /* ImageSelectionViewInput.swift */ = {isa = PBXFileReference; lastKnownFileType = sourcecode.swift; path = ImageSelectionViewInput.swift; sourceTree = "<group>"; };
		853DB40529FBD48D00B6605F /* ImageSelectionViewOutput.swift */ = {isa = PBXFileReference; lastKnownFileType = sourcecode.swift; path = ImageSelectionViewOutput.swift; sourceTree = "<group>"; };
		853DB40B29FBEADF00B6605F /* ImageSelectionAssembly.swift */ = {isa = PBXFileReference; lastKnownFileType = sourcecode.swift; path = ImageSelectionAssembly.swift; sourceTree = "<group>"; };
		853DB40D29FBED5200B6605F /* ProfileEditingModuleOutput.swift */ = {isa = PBXFileReference; lastKnownFileType = sourcecode.swift; path = ProfileEditingModuleOutput.swift; sourceTree = "<group>"; };
		853DB40F29FBF5E900B6605F /* ImageSelectionDelegate.swift */ = {isa = PBXFileReference; lastKnownFileType = sourcecode.swift; path = ImageSelectionDelegate.swift; sourceTree = "<group>"; };
		853DB41129FBFDE500B6605F /* ConversationModuleOutput.swift */ = {isa = PBXFileReference; lastKnownFileType = sourcecode.swift; path = ConversationModuleOutput.swift; sourceTree = "<group>"; };
		8546F01829EEED9D00ECDF0E /* ThemeSaverProtocol.swift */ = {isa = PBXFileReference; lastKnownFileType = sourcecode.swift; path = ThemeSaverProtocol.swift; sourceTree = "<group>"; };
		8546F01A29EEEFC800ECDF0E /* UserProfileDataServiceProtocol.swift */ = {isa = PBXFileReference; lastKnownFileType = sourcecode.swift; path = UserProfileDataServiceProtocol.swift; sourceTree = "<group>"; };
		8546F01C29EEF0F000ECDF0E /* ChatDataSourceProtocol.swift */ = {isa = PBXFileReference; lastKnownFileType = sourcecode.swift; path = ChatDataSourceProtocol.swift; sourceTree = "<group>"; };
		8546F01E29EEF16600ECDF0E /* CoreDataServiceProtocol.swift */ = {isa = PBXFileReference; lastKnownFileType = sourcecode.swift; path = CoreDataServiceProtocol.swift; sourceTree = "<group>"; };
		8546F02229EEF5A000ECDF0E /* ThemesViewController.swift */ = {isa = PBXFileReference; lastKnownFileType = sourcecode.swift; path = ThemesViewController.swift; sourceTree = "<group>"; };
		8546F02429EEF5B800ECDF0E /* ThemesPresenter.swift */ = {isa = PBXFileReference; lastKnownFileType = sourcecode.swift; path = ThemesPresenter.swift; sourceTree = "<group>"; };
		8546F03029EF040300ECDF0E /* ThemesViewInput.swift */ = {isa = PBXFileReference; lastKnownFileType = sourcecode.swift; path = ThemesViewInput.swift; sourceTree = "<group>"; };
		8546F03229EF044700ECDF0E /* ThemesViewOutput.swift */ = {isa = PBXFileReference; lastKnownFileType = sourcecode.swift; path = ThemesViewOutput.swift; sourceTree = "<group>"; };
		8546F03429EF04A500ECDF0E /* ProfileEditingViewController.swift */ = {isa = PBXFileReference; lastKnownFileType = sourcecode.swift; path = ProfileEditingViewController.swift; sourceTree = "<group>"; };
		8546F03629EF04BA00ECDF0E /* ProfileEditingViewInput.swift */ = {isa = PBXFileReference; lastKnownFileType = sourcecode.swift; path = ProfileEditingViewInput.swift; sourceTree = "<group>"; };
		8546F03829EF04D900ECDF0E /* ProfileEditingViewOutput.swift */ = {isa = PBXFileReference; lastKnownFileType = sourcecode.swift; path = ProfileEditingViewOutput.swift; sourceTree = "<group>"; };
		8546F03A29EF053200ECDF0E /* ProfileEditingPresenter.swift */ = {isa = PBXFileReference; lastKnownFileType = sourcecode.swift; path = ProfileEditingPresenter.swift; sourceTree = "<group>"; };
		8546F03C29EF112000ECDF0E /* ConversationViewController.swift */ = {isa = PBXFileReference; lastKnownFileType = sourcecode.swift; path = ConversationViewController.swift; sourceTree = "<group>"; };
		8546F03E29EF114800ECDF0E /* ConversationViewInput.swift */ = {isa = PBXFileReference; lastKnownFileType = sourcecode.swift; path = ConversationViewInput.swift; sourceTree = "<group>"; };
		8546F04029EF116300ECDF0E /* ConversationViewOutput.swift */ = {isa = PBXFileReference; lastKnownFileType = sourcecode.swift; path = ConversationViewOutput.swift; sourceTree = "<group>"; };
		8546F04229EF11B100ECDF0E /* ConversationPresenter.swift */ = {isa = PBXFileReference; lastKnownFileType = sourcecode.swift; path = ConversationPresenter.swift; sourceTree = "<group>"; };
		8546F04429EF133800ECDF0E /* ConversationsListViewController.swift */ = {isa = PBXFileReference; lastKnownFileType = sourcecode.swift; path = ConversationsListViewController.swift; sourceTree = "<group>"; };
		8546F04629EF135D00ECDF0E /* ConversationsListViewInput.swift */ = {isa = PBXFileReference; lastKnownFileType = sourcecode.swift; path = ConversationsListViewInput.swift; sourceTree = "<group>"; };
		8546F04829EF148000ECDF0E /* ConversationsListViewOutput.swift */ = {isa = PBXFileReference; lastKnownFileType = sourcecode.swift; path = ConversationsListViewOutput.swift; sourceTree = "<group>"; };
		8546F04A29EF150A00ECDF0E /* ConversationsListPresenter.swift */ = {isa = PBXFileReference; lastKnownFileType = sourcecode.swift; path = ConversationsListPresenter.swift; sourceTree = "<group>"; };
		8546F04F29EF1D6F00ECDF0E /* RootCoordinator.swift */ = {isa = PBXFileReference; lastKnownFileType = sourcecode.swift; path = RootCoordinator.swift; sourceTree = "<group>"; };
		8546F05129EF1E2100ECDF0E /* ServiceAssembly.swift */ = {isa = PBXFileReference; lastKnownFileType = sourcecode.swift; path = ServiceAssembly.swift; sourceTree = "<group>"; };
		8546F05329EF1F3300ECDF0E /* ThemesAssembly.swift */ = {isa = PBXFileReference; lastKnownFileType = sourcecode.swift; path = ThemesAssembly.swift; sourceTree = "<group>"; };
		8546F05529EF1F6200ECDF0E /* ProfileEditingAssembly.swift */ = {isa = PBXFileReference; lastKnownFileType = sourcecode.swift; path = ProfileEditingAssembly.swift; sourceTree = "<group>"; };
		8546F05729EF1F7600ECDF0E /* ConversationAssembly.swift */ = {isa = PBXFileReference; lastKnownFileType = sourcecode.swift; path = ConversationAssembly.swift; sourceTree = "<group>"; };
		8546F05929EF1F8D00ECDF0E /* ConversationsListAssembly.swift */ = {isa = PBXFileReference; lastKnownFileType = sourcecode.swift; path = ConversationsListAssembly.swift; sourceTree = "<group>"; };
		8546F05C29F0211100ECDF0E /* ThemeService.swift */ = {isa = PBXFileReference; lastKnownFileType = sourcecode.swift; path = ThemeService.swift; sourceTree = "<group>"; };
		8546F05E29F0269F00ECDF0E /* ThemeServiceProtocol.swift */ = {isa = PBXFileReference; lastKnownFileType = sourcecode.swift; path = ThemeServiceProtocol.swift; sourceTree = "<group>"; };
		8546F06529F135BF00ECDF0E /* ConversationsListModuleOutput.swift */ = {isa = PBXFileReference; lastKnownFileType = sourcecode.swift; path = ConversationsListModuleOutput.swift; sourceTree = "<group>"; };
		8546F06929F17ECE00ECDF0E /* UserService.swift */ = {isa = PBXFileReference; lastKnownFileType = sourcecode.swift; path = UserService.swift; sourceTree = "<group>"; };
		8546F06B29F17EE400ECDF0E /* UserServiceProtocol.swift */ = {isa = PBXFileReference; lastKnownFileType = sourcecode.swift; path = UserServiceProtocol.swift; sourceTree = "<group>"; };
		8546F06E29F7E9E400ECDF0E /* ImageSelectionViewController.swift */ = {isa = PBXFileReference; lastKnownFileType = sourcecode.swift; path = ImageSelectionViewController.swift; sourceTree = "<group>"; };
		8546F07029F808AF00ECDF0E /* ImageCell.swift */ = {isa = PBXFileReference; lastKnownFileType = sourcecode.swift; path = ImageCell.swift; sourceTree = "<group>"; };
		8549A83A29D2F69C00F0B2E3 /* UserProfileDataService.swift */ = {isa = PBXFileReference; lastKnownFileType = sourcecode.swift; path = UserProfileDataService.swift; sourceTree = "<group>"; };
		8549A88029DC31D600F0B2E3 /* ProfileEditingViewControllerExtension.swift */ = {isa = PBXFileReference; lastKnownFileType = sourcecode.swift; path = ProfileEditingViewControllerExtension.swift; sourceTree = "<group>"; };
		855940862A019EB90065A30E /* ProfileViewController.swift */ = {isa = PBXFileReference; lastKnownFileType = sourcecode.swift; path = ProfileViewController.swift; sourceTree = "<group>"; };
		855940882A019ED00065A30E /* ProfilePresenter.swift */ = {isa = PBXFileReference; lastKnownFileType = sourcecode.swift; path = ProfilePresenter.swift; sourceTree = "<group>"; };
		8559408A2A01A0010065A30E /* ProfileViewInput.swift */ = {isa = PBXFileReference; lastKnownFileType = sourcecode.swift; path = ProfileViewInput.swift; sourceTree = "<group>"; };
		8559408C2A01A0130065A30E /* ProfileViewOutput.swift */ = {isa = PBXFileReference; lastKnownFileType = sourcecode.swift; path = ProfileViewOutput.swift; sourceTree = "<group>"; };
		8559408E2A01A02F0065A30E /* ProfileModuleOutput.swift */ = {isa = PBXFileReference; lastKnownFileType = sourcecode.swift; path = ProfileModuleOutput.swift; sourceTree = "<group>"; };
		855940922A02836A0065A30E /* ProfileAssembly.swift */ = {isa = PBXFileReference; lastKnownFileType = sourcecode.swift; path = ProfileAssembly.swift; sourceTree = "<group>"; };
		855940962A02B55E0065A30E /* ProfileSaveDelegate.swift */ = {isa = PBXFileReference; lastKnownFileType = sourcecode.swift; path = ProfileSaveDelegate.swift; sourceTree = "<group>"; };
		855940A02A0307470065A30E /* HerbCreator.swift */ = {isa = PBXFileReference; lastKnownFileType = sourcecode.swift; path = HerbCreator.swift; sourceTree = "<group>"; };
		855940A42A03A7360065A30E /* CustomTransitionAnimator.swift */ = {isa = PBXFileReference; lastKnownFileType = sourcecode.swift; path = CustomTransitionAnimator.swift; sourceTree = "<group>"; };
		855940A62A03A7660065A30E /* CustomTransitionDelegate.swift */ = {isa = PBXFileReference; lastKnownFileType = sourcecode.swift; path = CustomTransitionDelegate.swift; sourceTree = "<group>"; };
		855940A82A03ACD90065A30E /* HerbCreatorProtocol.swift */ = {isa = PBXFileReference; lastKnownFileType = sourcecode.swift; path = HerbCreatorProtocol.swift; sourceTree = "<group>"; };
		855940AE2A0BD8FA0065A30E /* ChatAppTests.xctest */ = {isa = PBXFileReference; explicitFileType = wrapper.cfbundle; includeInIndex = 0; path = ChatAppTests.xctest; sourceTree = BUILT_PRODUCTS_DIR; };
		855940B02A0BD8FA0065A30E /* ImageServiceTests.swift */ = {isa = PBXFileReference; lastKnownFileType = sourcecode.swift; path = ImageServiceTests.swift; sourceTree = "<group>"; };
		855940BB2A0BD9200065A30E /* ChatAppUITests.xctest */ = {isa = PBXFileReference; explicitFileType = wrapper.cfbundle; includeInIndex = 0; path = ChatAppUITests.xctest; sourceTree = BUILT_PRODUCTS_DIR; };
		855940BD2A0BD9200065A30E /* ProfileUITests.swift */ = {isa = PBXFileReference; lastKnownFileType = sourcecode.swift; path = ProfileUITests.swift; sourceTree = "<group>"; };
		855940C62A0BDA6C0065A30E /* ChatApp.xctestplan */ = {isa = PBXFileReference; lastKnownFileType = text; path = ChatApp.xctestplan; sourceTree = "<group>"; };
		855940CA2A0C06E80065A30E /* MockNetworkService.swift */ = {isa = PBXFileReference; lastKnownFileType = sourcecode.swift; path = MockNetworkService.swift; sourceTree = "<group>"; };
		855940D92A158DB50065A30E /* Debug.xcconfig */ = {isa = PBXFileReference; lastKnownFileType = text.xcconfig; path = Debug.xcconfig; sourceTree = "<group>"; };
		855940DB2A158EDB0065A30E /* Release.xcconfig */ = {isa = PBXFileReference; lastKnownFileType = text.xcconfig; path = Release.xcconfig; sourceTree = "<group>"; };
		859F3FAF29E4422700466172 /* Chat.xcdatamodel */ = {isa = PBXFileReference; lastKnownFileType = wrapper.xcdatamodel; path = Chat.xcdatamodel; sourceTree = "<group>"; };
		859F3FB129E44CA700466172 /* CoreDataService.swift */ = {isa = PBXFileReference; lastKnownFileType = sourcecode.swift; path = CoreDataService.swift; sourceTree = "<group>"; };
		859F3FB329E44E7300466172 /* ChatDataSource.swift */ = {isa = PBXFileReference; lastKnownFileType = sourcecode.swift; path = ChatDataSource.swift; sourceTree = "<group>"; };
		85A1E7C229A687BA004AD1F4 /* ChatApp.app */ = {isa = PBXFileReference; explicitFileType = wrapper.application; includeInIndex = 0; path = ChatApp.app; sourceTree = BUILT_PRODUCTS_DIR; };
		85A1E7C529A687BA004AD1F4 /* AppDelegate.swift */ = {isa = PBXFileReference; lastKnownFileType = sourcecode.swift; path = AppDelegate.swift; sourceTree = "<group>"; };
		85A1E7CE29A687BD004AD1F4 /* Assets.xcassets */ = {isa = PBXFileReference; lastKnownFileType = folder.assetcatalog; path = Assets.xcassets; sourceTree = "<group>"; };
		85A1E7D129A687BD004AD1F4 /* Base */ = {isa = PBXFileReference; lastKnownFileType = file.storyboard; name = Base; path = Base.lproj/LaunchScreen.storyboard; sourceTree = "<group>"; };
		85A1E7D329A687BD004AD1F4 /* Info.plist */ = {isa = PBXFileReference; lastKnownFileType = text.plist.xml; path = Info.plist; sourceTree = "<group>"; };
		85A1E7D929A68B0A004AD1F4 /* Logger.swift */ = {isa = PBXFileReference; lastKnownFileType = sourcecode.swift; path = Logger.swift; sourceTree = "<group>"; };
		85A1E7EB29AF6BF0004AD1F4 /* UIColor.swift */ = {isa = PBXFileReference; lastKnownFileType = sourcecode.swift; path = UIColor.swift; sourceTree = "<group>"; };
		85A1E7ED29AF6C1B004AD1F4 /* UIFont.swift */ = {isa = PBXFileReference; lastKnownFileType = sourcecode.swift; path = UIFont.swift; sourceTree = "<group>"; };
		85A1E7F129B5E028004AD1F4 /* ConversationCellModel.swift */ = {isa = PBXFileReference; lastKnownFileType = sourcecode.swift; path = ConversationCellModel.swift; sourceTree = "<group>"; };
		85A1E7F329B5E0CA004AD1F4 /* ConversationCell.swift */ = {isa = PBXFileReference; lastKnownFileType = sourcecode.swift; path = ConversationCell.swift; sourceTree = "<group>"; };
		85A1E7F529B88B3C004AD1F4 /* UserProfileViewModel.swift */ = {isa = PBXFileReference; lastKnownFileType = sourcecode.swift; path = UserProfileViewModel.swift; sourceTree = "<group>"; };
		85A1E7F729B8A148004AD1F4 /* MessageTableViewCell.swift */ = {isa = PBXFileReference; lastKnownFileType = sourcecode.swift; path = MessageTableViewCell.swift; sourceTree = "<group>"; };
		85A1E7F929B8A233004AD1F4 /* MessageModel.swift */ = {isa = PBXFileReference; lastKnownFileType = sourcecode.swift; path = MessageModel.swift; sourceTree = "<group>"; };
		85C0028029FAA20F00DE2047 /* ConversationListDataSource.swift */ = {isa = PBXFileReference; lastKnownFileType = sourcecode.swift; path = ConversationListDataSource.swift; sourceTree = "<group>"; };
		85C0028229FACD7B00DE2047 /* ConversationDataSource.swift */ = {isa = PBXFileReference; lastKnownFileType = sourcecode.swift; path = ConversationDataSource.swift; sourceTree = "<group>"; };
		85C002A529FBA4BB00DE2047 /* NetworkService.swift */ = {isa = PBXFileReference; lastKnownFileType = sourcecode.swift; path = NetworkService.swift; sourceTree = "<group>"; };
		85C002A729FBA4CF00DE2047 /* NetworkServiceProtocol.swift */ = {isa = PBXFileReference; lastKnownFileType = sourcecode.swift; path = NetworkServiceProtocol.swift; sourceTree = "<group>"; };
		85C002A929FBA69900DE2047 /* ImageService.swift */ = {isa = PBXFileReference; lastKnownFileType = sourcecode.swift; path = ImageService.swift; sourceTree = "<group>"; };
		85C002AC29FBA6CA00DE2047 /* ImageServiceProtocol.swift */ = {isa = PBXFileReference; lastKnownFileType = sourcecode.swift; path = ImageServiceProtocol.swift; sourceTree = "<group>"; };
		85C002B029FBA75900DE2047 /* TFSError.swift */ = {isa = PBXFileReference; lastKnownFileType = sourcecode.swift; path = TFSError.swift; sourceTree = "<group>"; };
		85C002B229FBAEF200DE2047 /* PixabyModel.swift */ = {isa = PBXFileReference; lastKnownFileType = sourcecode.swift; path = PixabyModel.swift; sourceTree = "<group>"; };
		85F3A8F129CA04EB00ACBB6C /* GCDThemeSaver.swift */ = {isa = PBXFileReference; lastKnownFileType = sourcecode.swift; path = GCDThemeSaver.swift; sourceTree = "<group>"; };
/* End PBXFileReference section */

/* Begin PBXFrameworksBuildPhase section */
		855940AB2A0BD8FA0065A30E /* Frameworks */ = {
			isa = PBXFrameworksBuildPhase;
			buildActionMask = 2147483647;
			files = (
			);
			runOnlyForDeploymentPostprocessing = 0;
		};
		855940B82A0BD9200065A30E /* Frameworks */ = {
			isa = PBXFrameworksBuildPhase;
			buildActionMask = 2147483647;
			files = (
			);
			runOnlyForDeploymentPostprocessing = 0;
		};
		85A1E7BF29A687BA004AD1F4 /* Frameworks */ = {
			isa = PBXFrameworksBuildPhase;
			buildActionMask = 2147483647;
			files = (
				60D9B1ED7748FF69DE0095DE /* Pods_ChatApp.framework in Frameworks */,
			);
			runOnlyForDeploymentPostprocessing = 0;
		};
/* End PBXFrameworksBuildPhase section */

/* Begin PBXGroup section */
		398BA693DCA4D2D1C67EDE45 /* Frameworks */ = {
			isa = PBXGroup;
			children = (
				465D05353F9EEEF239125666 /* Pods_ChatApp.framework */,
			);
			name = Frameworks;
			sourceTree = "<group>";
		};
		853DB3FC29FBB9E000B6605F /* URLFactory */ = {
			isa = PBXGroup;
			children = (
				853DB3FD29FBBA0200B6605F /* URLRequestFactory.swift */,
				853DB3FF29FBBA1200B6605F /* URLRequestFactoryProtocol.swift */,
			);
			name = URLFactory;
			path = ../../Service/ImageService/Service/URLFactory;
			sourceTree = "<group>";
		};
		853DB40729FBD56900B6605F /* View */ = {
			isa = PBXGroup;
			children = (
				8546F06E29F7E9E400ECDF0E /* ImageSelectionViewController.swift */,
				853DB40529FBD48D00B6605F /* ImageSelectionViewOutput.swift */,
				853DB40329FBD47A00B6605F /* ImageSelectionViewInput.swift */,
			);
			path = View;
			sourceTree = "<group>";
		};
		853DB40A29FBD58E00B6605F /* Presenter */ = {
			isa = PBXGroup;
			children = (
				853DB40129FBD44200B6605F /* ImageSelectionPresenter.swift */,
			);
			path = Presenter;
			sourceTree = "<group>";
		};
		8546F01529EEEA3900ECDF0E /* ProfileServices */ = {
			isa = PBXGroup;
			children = (
				8549A83A29D2F69C00F0B2E3 /* UserProfileDataService.swift */,
				8546F01A29EEEFC800ECDF0E /* UserProfileDataServiceProtocol.swift */,
			);
			path = ProfileServices;
			sourceTree = "<group>";
		};
		8546F01629EEEA4E00ECDF0E /* ThemeServices */ = {
			isa = PBXGroup;
			children = (
				8546F05C29F0211100ECDF0E /* ThemeService.swift */,
				8546F05E29F0269F00ECDF0E /* ThemeServiceProtocol.swift */,
			);
			path = ThemeServices;
			sourceTree = "<group>";
		};
		8546F01729EEEA6800ECDF0E /* ChatServices */ = {
			isa = PBXGroup;
			children = (
				859F3FB329E44E7300466172 /* ChatDataSource.swift */,
				8546F01C29EEF0F000ECDF0E /* ChatDataSourceProtocol.swift */,
			);
			path = ChatServices;
			sourceTree = "<group>";
		};
		8546F02029EEF2D200ECDF0E /* Resourses */ = {
			isa = PBXGroup;
			children = (
				859F3FAE29E4422700466172 /* Chat.xcdatamodeld */,
			);
			path = Resourses;
			sourceTree = "<group>";
		};
		8546F02129EEF54900ECDF0E /* Cells */ = {
			isa = PBXGroup;
			children = (
				85A1E7F329B5E0CA004AD1F4 /* ConversationCell.swift */,
				85A1E7F729B8A148004AD1F4 /* MessageTableViewCell.swift */,
				8546F07029F808AF00ECDF0E /* ImageCell.swift */,
			);
			path = Cells;
			sourceTree = "<group>";
		};
		8546F02629EEF63F00ECDF0E /* Presenter */ = {
			isa = PBXGroup;
			children = (
				8546F02429EEF5B800ECDF0E /* ThemesPresenter.swift */,
			);
			path = Presenter;
			sourceTree = "<group>";
		};
		8546F02929EEF66500ECDF0E /* View */ = {
			isa = PBXGroup;
			children = (
				8546F02229EEF5A000ECDF0E /* ThemesViewController.swift */,
				8546F03029EF040300ECDF0E /* ThemesViewInput.swift */,
				8546F03229EF044700ECDF0E /* ThemesViewOutput.swift */,
			);
			path = View;
			sourceTree = "<group>";
		};
		8546F02A29EEF6BB00ECDF0E /* Presenter */ = {
			isa = PBXGroup;
			children = (
				8546F03A29EF053200ECDF0E /* ProfileEditingPresenter.swift */,
				853DB40D29FBED5200B6605F /* ProfileEditingModuleOutput.swift */,
			);
			path = Presenter;
			sourceTree = "<group>";
		};
		8546F02B29EEF6C800ECDF0E /* View */ = {
			isa = PBXGroup;
			children = (
				8546F03429EF04A500ECDF0E /* ProfileEditingViewController.swift */,
				8549A88029DC31D600F0B2E3 /* ProfileEditingViewControllerExtension.swift */,
				8546F03629EF04BA00ECDF0E /* ProfileEditingViewInput.swift */,
				8546F03829EF04D900ECDF0E /* ProfileEditingViewOutput.swift */,
			);
			path = View;
			sourceTree = "<group>";
		};
		8546F02C29EEF6D500ECDF0E /* Presenter */ = {
			isa = PBXGroup;
			children = (
				8546F04229EF11B100ECDF0E /* ConversationPresenter.swift */,
				853DB41129FBFDE500B6605F /* ConversationModuleOutput.swift */,
			);
			path = Presenter;
			sourceTree = "<group>";
		};
		8546F02D29EEF6DF00ECDF0E /* View */ = {
			isa = PBXGroup;
			children = (
				8546F03C29EF112000ECDF0E /* ConversationViewController.swift */,
				8546F03E29EF114800ECDF0E /* ConversationViewInput.swift */,
				8546F04029EF116300ECDF0E /* ConversationViewOutput.swift */,
				85C0028229FACD7B00DE2047 /* ConversationDataSource.swift */,
			);
			path = View;
			sourceTree = "<group>";
		};
		8546F02E29EEF70300ECDF0E /* Presenter */ = {
			isa = PBXGroup;
			children = (
				8546F04A29EF150A00ECDF0E /* ConversationsListPresenter.swift */,
				8546F06529F135BF00ECDF0E /* ConversationsListModuleOutput.swift */,
			);
			path = Presenter;
			sourceTree = "<group>";
		};
		8546F02F29EEF70C00ECDF0E /* View */ = {
			isa = PBXGroup;
			children = (
				8546F04429EF133800ECDF0E /* ConversationsListViewController.swift */,
				8546F04629EF135D00ECDF0E /* ConversationsListViewInput.swift */,
				8546F04829EF148000ECDF0E /* ConversationsListViewOutput.swift */,
				85C0028029FAA20F00DE2047 /* ConversationListDataSource.swift */,
			);
			path = View;
			sourceTree = "<group>";
		};
		8546F04C29EF1BF000ECDF0E /* Modules */ = {
			isa = PBXGroup;
			children = (
				855940852A0195C20065A30E /* ProfileEdittng */,
				8546F06D29F7E9B100ECDF0E /* ImageSelection */,
				858E1A8129EEE2C400D11AD7 /* ConversationsList */,
				858E1A8229EEE2E400D11AD7 /* Conversation */,
				858E1A8329EEE2FB00D11AD7 /* Profile */,
				858E1A8429EEE35700D11AD7 /* Settings */,
			);
			path = Modules;
			sourceTree = "<group>";
		};
		8546F04D29EF1C8C00ECDF0E /* Assembly */ = {
			isa = PBXGroup;
			children = (
				8546F05329EF1F3300ECDF0E /* ThemesAssembly.swift */,
				8546F05529EF1F6200ECDF0E /* ProfileEditingAssembly.swift */,
				8546F05729EF1F7600ECDF0E /* ConversationAssembly.swift */,
				8546F05929EF1F8D00ECDF0E /* ConversationsListAssembly.swift */,
				853DB40B29FBEADF00B6605F /* ImageSelectionAssembly.swift */,
				855940922A02836A0065A30E /* ProfileAssembly.swift */,
			);
			path = Assembly;
			sourceTree = "<group>";
		};
		8546F04E29EF1D2100ECDF0E /* Coordinators */ = {
			isa = PBXGroup;
			children = (
				8546F04F29EF1D6F00ECDF0E /* RootCoordinator.swift */,
			);
			path = Coordinators;
			sourceTree = "<group>";
		};
		8546F05B29F020B000ECDF0E /* FileServices */ = {
			isa = PBXGroup;
			children = (
				85F3A8F129CA04EB00ACBB6C /* GCDThemeSaver.swift */,
				8546F01829EEED9D00ECDF0E /* ThemeSaverProtocol.swift */,
			);
			path = FileServices;
			sourceTree = "<group>";
		};
		8546F06429F12D4300ECDF0E /* TabBar */ = {
			isa = PBXGroup;
			children = (
				8501E6CE29DD7A45002949E6 /* TabBarController.swift */,
			);
			path = TabBar;
			sourceTree = "<group>";
		};
		8546F06829F17E9C00ECDF0E /* UserService */ = {
			isa = PBXGroup;
			children = (
				8546F06929F17ECE00ECDF0E /* UserService.swift */,
				8546F06B29F17EE400ECDF0E /* UserServiceProtocol.swift */,
			);
			path = UserService;
			sourceTree = "<group>";
		};
		8546F06D29F7E9B100ECDF0E /* ImageSelection */ = {
			isa = PBXGroup;
			children = (
				855940942A02B5110065A30E /* Delegates */,
				853DB40A29FBD58E00B6605F /* Presenter */,
				853DB40729FBD56900B6605F /* View */,
			);
			path = ImageSelection;
			sourceTree = "<group>";
		};
		855940852A0195C20065A30E /* ProfileEdittng */ = {
			isa = PBXGroup;
			children = (
				855940952A02B5420065A30E /* Delegates */,
				8546F02A29EEF6BB00ECDF0E /* Presenter */,
				8546F02B29EEF6C800ECDF0E /* View */,
			);
			path = ProfileEdittng;
			sourceTree = "<group>";
		};
		855940902A01A0360065A30E /* Presenter */ = {
			isa = PBXGroup;
			children = (
				855940882A019ED00065A30E /* ProfilePresenter.swift */,
				8559408E2A01A02F0065A30E /* ProfileModuleOutput.swift */,
			);
			path = Presenter;
			sourceTree = "<group>";
		};
		855940912A01A03F0065A30E /* View */ = {
			isa = PBXGroup;
			children = (
				8559408C2A01A0130065A30E /* ProfileViewOutput.swift */,
				8559408A2A01A0010065A30E /* ProfileViewInput.swift */,
				855940862A019EB90065A30E /* ProfileViewController.swift */,
			);
			path = View;
			sourceTree = "<group>";
		};
		855940942A02B5110065A30E /* Delegates */ = {
			isa = PBXGroup;
			children = (
				853DB40F29FBF5E900B6605F /* ImageSelectionDelegate.swift */,
			);
			path = Delegates;
			sourceTree = "<group>";
		};
		855940952A02B5420065A30E /* Delegates */ = {
			isa = PBXGroup;
			children = (
				855940962A02B55E0065A30E /* ProfileSaveDelegate.swift */,
			);
			path = Delegates;
			sourceTree = "<group>";
		};
		855940A22A03074E0065A30E /* HerbCreator */ = {
			isa = PBXGroup;
			children = (
				855940A02A0307470065A30E /* HerbCreator.swift */,
				855940A82A03ACD90065A30E /* HerbCreatorProtocol.swift */,
			);
			path = HerbCreator;
			sourceTree = "<group>";
		};
		855940A32A03A7070065A30E /* CustomTransition */ = {
			isa = PBXGroup;
			children = (
				855940A42A03A7360065A30E /* CustomTransitionAnimator.swift */,
				855940A62A03A7660065A30E /* CustomTransitionDelegate.swift */,
			);
			path = CustomTransition;
			sourceTree = "<group>";
		};
		855940AF2A0BD8FA0065A30E /* ChatAppTests */ = {
			isa = PBXGroup;
			children = (
				855940C82A0BDB4F0065A30E /* Service */,
				855940C72A0BDB3B0065A30E /* Mocks */,
			);
			path = ChatAppTests;
			sourceTree = "<group>";
		};
		855940BC2A0BD9200065A30E /* ChatAppUITests */ = {
			isa = PBXGroup;
			children = (
				855940CE2A0C2B6E0065A30E /* Profile */,
			);
			path = ChatAppUITests;
			sourceTree = "<group>";
		};
		855940C72A0BDB3B0065A30E /* Mocks */ = {
			isa = PBXGroup;
			children = (
				855940CA2A0C06E80065A30E /* MockNetworkService.swift */,
			);
			path = Mocks;
			sourceTree = "<group>";
		};
		855940C82A0BDB4F0065A30E /* Service */ = {
			isa = PBXGroup;
			children = (
				855940CC2A0C175A0065A30E /* ImageService */,
			);
			path = Service;
			sourceTree = "<group>";
		};
		855940C92A0BDD560065A30E /* Assembly */ = {
			isa = PBXGroup;
			children = (
				8546F05129EF1E2100ECDF0E /* ServiceAssembly.swift */,
			);
			path = Assembly;
			sourceTree = "<group>";
		};
		855940CC2A0C175A0065A30E /* ImageService */ = {
			isa = PBXGroup;
			children = (
				855940B02A0BD8FA0065A30E /* ImageServiceTests.swift */,
			);
			path = ImageService;
			sourceTree = "<group>";
		};
		855940CE2A0C2B6E0065A30E /* Profile */ = {
			isa = PBXGroup;
			children = (
				855940BD2A0BD9200065A30E /* ProfileUITests.swift */,
			);
			path = Profile;
			sourceTree = "<group>";
		};
		858E1A7E29EEDAEB00D11AD7 /* Presentation */ = {
			isa = PBXGroup;
			children = (
				855940A32A03A7070065A30E /* CustomTransition */,
				855940A22A03074E0065A30E /* HerbCreator */,
				8546F06429F12D4300ECDF0E /* TabBar */,
				8546F04E29EF1D2100ECDF0E /* Coordinators */,
				8546F04D29EF1C8C00ECDF0E /* Assembly */,
				858E1A8529EEE61200D11AD7 /* Helpers */,
				8546F04C29EF1BF000ECDF0E /* Modules */,
				8546F02129EEF54900ECDF0E /* Cells */,
				859F3FAC29E441DC00466172 /* Resourses */,
				859F3FAD29E4420500466172 /* App */,
				85A1E7FD29B8E8AE004AD1F4 /* Models */,
			);
			path = Presentation;
			sourceTree = "<group>";
		};
		858E1A7F29EEDB1500D11AD7 /* Service */ = {
			isa = PBXGroup;
			children = (
				855940C92A0BDD560065A30E /* Assembly */,
				85C002AB29FBA6A200DE2047 /* ImageService */,
				8546F06829F17E9C00ECDF0E /* UserService */,
				8546F01729EEEA6800ECDF0E /* ChatServices */,
				8546F01629EEEA4E00ECDF0E /* ThemeServices */,
				8546F01529EEEA3900ECDF0E /* ProfileServices */,
			);
			path = Service;
			sourceTree = "<group>";
		};
		858E1A8029EEDB4300D11AD7 /* Core */ = {
			isa = PBXGroup;
			children = (
				85C002A429FBA48800DE2047 /* NetworkService */,
				8546F05B29F020B000ECDF0E /* FileServices */,
				8546F02029EEF2D200ECDF0E /* Resourses */,
				858E1A8729EEE71900D11AD7 /* CoreDataServices */,
				858E1A8629EEE66B00D11AD7 /* Logger */,
			);
			path = Core;
			sourceTree = "<group>";
		};
		858E1A8129EEE2C400D11AD7 /* ConversationsList */ = {
			isa = PBXGroup;
			children = (
				8546F02F29EEF70C00ECDF0E /* View */,
				8546F02E29EEF70300ECDF0E /* Presenter */,
			);
			path = ConversationsList;
			sourceTree = "<group>";
		};
		858E1A8229EEE2E400D11AD7 /* Conversation */ = {
			isa = PBXGroup;
			children = (
				8546F02D29EEF6DF00ECDF0E /* View */,
				8546F02C29EEF6D500ECDF0E /* Presenter */,
			);
			path = Conversation;
			sourceTree = "<group>";
		};
		858E1A8329EEE2FB00D11AD7 /* Profile */ = {
			isa = PBXGroup;
			children = (
				855940912A01A03F0065A30E /* View */,
				855940902A01A0360065A30E /* Presenter */,
			);
			path = Profile;
			sourceTree = "<group>";
		};
		858E1A8429EEE35700D11AD7 /* Settings */ = {
			isa = PBXGroup;
			children = (
				8546F02929EEF66500ECDF0E /* View */,
				8546F02629EEF63F00ECDF0E /* Presenter */,
			);
			path = Settings;
			sourceTree = "<group>";
		};
		858E1A8529EEE61200D11AD7 /* Helpers */ = {
			isa = PBXGroup;
			children = (
				85A1E7ED29AF6C1B004AD1F4 /* UIFont.swift */,
				85A1E7EB29AF6BF0004AD1F4 /* UIColor.swift */,
			);
			path = Helpers;
			sourceTree = "<group>";
		};
		858E1A8629EEE66B00D11AD7 /* Logger */ = {
			isa = PBXGroup;
			children = (
				85A1E7D929A68B0A004AD1F4 /* Logger.swift */,
			);
			path = Logger;
			sourceTree = "<group>";
		};
		858E1A8729EEE71900D11AD7 /* CoreDataServices */ = {
			isa = PBXGroup;
			children = (
				859F3FB129E44CA700466172 /* CoreDataService.swift */,
				8546F01E29EEF16600ECDF0E /* CoreDataServiceProtocol.swift */,
			);
			path = CoreDataServices;
			sourceTree = "<group>";
		};
		859F3FAC29E441DC00466172 /* Resourses */ = {
			isa = PBXGroup;
			children = (
				85A1E7D029A687BD004AD1F4 /* LaunchScreen.storyboard */,
				85A1E7CE29A687BD004AD1F4 /* Assets.xcassets */,
			);
			path = Resourses;
			sourceTree = "<group>";
		};
		859F3FAD29E4420500466172 /* App */ = {
			isa = PBXGroup;
			children = (
				85A1E7C529A687BA004AD1F4 /* AppDelegate.swift */,
			);
			path = App;
			sourceTree = "<group>";
		};
		85A1E7B929A687BA004AD1F4 = {
			isa = PBXGroup;
			children = (
				855940DB2A158EDB0065A30E /* Release.xcconfig */,
				855940D92A158DB50065A30E /* Debug.xcconfig */,
				855940C62A0BDA6C0065A30E /* ChatApp.xctestplan */,
				85A1E7C429A687BA004AD1F4 /* ChatApp */,
				855940AF2A0BD8FA0065A30E /* ChatAppTests */,
				855940BC2A0BD9200065A30E /* ChatAppUITests */,
				85A1E7C329A687BA004AD1F4 /* Products */,
				C2AF9B9E62202BEF1B11B9D4 /* Pods */,
				398BA693DCA4D2D1C67EDE45 /* Frameworks */,
			);
			sourceTree = "<group>";
		};
		85A1E7C329A687BA004AD1F4 /* Products */ = {
			isa = PBXGroup;
			children = (
				85A1E7C229A687BA004AD1F4 /* ChatApp.app */,
				855940AE2A0BD8FA0065A30E /* ChatAppTests.xctest */,
				855940BB2A0BD9200065A30E /* ChatAppUITests.xctest */,
			);
			name = Products;
			sourceTree = "<group>";
		};
		85A1E7C429A687BA004AD1F4 /* ChatApp */ = {
			isa = PBXGroup;
			children = (
				858E1A8029EEDB4300D11AD7 /* Core */,
				858E1A7F29EEDB1500D11AD7 /* Service */,
				858E1A7E29EEDAEB00D11AD7 /* Presentation */,
				85A1E7D329A687BD004AD1F4 /* Info.plist */,
			);
			path = ChatApp;
			sourceTree = "<group>";
		};
		85A1E7FD29B8E8AE004AD1F4 /* Models */ = {
			isa = PBXGroup;
			children = (
				85A1E7F929B8A233004AD1F4 /* MessageModel.swift */,
				85A1E7F129B5E028004AD1F4 /* ConversationCellModel.swift */,
				85A1E7F529B88B3C004AD1F4 /* UserProfileViewModel.swift */,
			);
			path = Models;
			sourceTree = "<group>";
		};
		85C002A429FBA48800DE2047 /* NetworkService */ = {
			isa = PBXGroup;
			children = (
				853DB3FC29FBB9E000B6605F /* URLFactory */,
				85C002A529FBA4BB00DE2047 /* NetworkService.swift */,
				85C002A729FBA4CF00DE2047 /* NetworkServiceProtocol.swift */,
				85C002B029FBA75900DE2047 /* TFSError.swift */,
			);
			path = NetworkService;
			sourceTree = "<group>";
		};
		85C002AB29FBA6A200DE2047 /* ImageService */ = {
			isa = PBXGroup;
			children = (
				85C002B829FBB5BF00DE2047 /* Service */,
				85C002B729FBB5B100DE2047 /* Models */,
			);
			path = ImageService;
			sourceTree = "<group>";
		};
		85C002B729FBB5B100DE2047 /* Models */ = {
			isa = PBXGroup;
			children = (
				85C002B229FBAEF200DE2047 /* PixabyModel.swift */,
			);
			path = Models;
			sourceTree = "<group>";
		};
		85C002B829FBB5BF00DE2047 /* Service */ = {
			isa = PBXGroup;
			children = (
				85C002AC29FBA6CA00DE2047 /* ImageServiceProtocol.swift */,
				85C002A929FBA69900DE2047 /* ImageService.swift */,
			);
			path = Service;
			sourceTree = "<group>";
		};
		C2AF9B9E62202BEF1B11B9D4 /* Pods */ = {
			isa = PBXGroup;
			children = (
				7168F416F897AFBB3BD2E288 /* Pods-ChatApp.debug.xcconfig */,
				175FEF3CAB6F54FC245259A3 /* Pods-ChatApp.release.xcconfig */,
			);
			path = Pods;
			sourceTree = "<group>";
		};
/* End PBXGroup section */

/* Begin PBXNativeTarget section */
		855940AD2A0BD8FA0065A30E /* ChatAppTests */ = {
			isa = PBXNativeTarget;
			buildConfigurationList = 855940B42A0BD8FA0065A30E /* Build configuration list for PBXNativeTarget "ChatAppTests" */;
			buildPhases = (
				855940AA2A0BD8FA0065A30E /* Sources */,
				855940AB2A0BD8FA0065A30E /* Frameworks */,
				855940AC2A0BD8FA0065A30E /* Resources */,
			);
			buildRules = (
			);
			dependencies = (
				855940B32A0BD8FA0065A30E /* PBXTargetDependency */,
			);
			name = ChatAppTests;
			productName = ChatAppTests;
			productReference = 855940AE2A0BD8FA0065A30E /* ChatAppTests.xctest */;
			productType = "com.apple.product-type.bundle.unit-test";
		};
		855940BA2A0BD9200065A30E /* ChatAppUITests */ = {
			isa = PBXNativeTarget;
			buildConfigurationList = 855940C32A0BD9200065A30E /* Build configuration list for PBXNativeTarget "ChatAppUITests" */;
			buildPhases = (
				855940B72A0BD9200065A30E /* Sources */,
				855940B82A0BD9200065A30E /* Frameworks */,
				855940B92A0BD9200065A30E /* Resources */,
			);
			buildRules = (
			);
			dependencies = (
				855940C22A0BD9200065A30E /* PBXTargetDependency */,
			);
			name = ChatAppUITests;
			productName = ChatAppUITests;
			productReference = 855940BB2A0BD9200065A30E /* ChatAppUITests.xctest */;
			productType = "com.apple.product-type.bundle.ui-testing";
		};
		85A1E7C129A687BA004AD1F4 /* ChatApp */ = {
			isa = PBXNativeTarget;
			buildConfigurationList = 85A1E7D629A687BD004AD1F4 /* Build configuration list for PBXNativeTarget "ChatApp" */;
			buildPhases = (
				1140D33121B7D1645CFE74CE /* [CP] Check Pods Manifest.lock */,
				85A1E7BE29A687BA004AD1F4 /* Sources */,
				85A1E7BF29A687BA004AD1F4 /* Frameworks */,
				85A1E7C029A687BA004AD1F4 /* Resources */,
				1657749766CA2F33E28B1D2C /* [CP] Embed Pods Frameworks */,
				8549A87F29DC228300F0B2E3 /* ShellScript */,
			);
			buildRules = (
			);
			dependencies = (
			);
			name = ChatApp;
			productName = ChatApp;
			productReference = 85A1E7C229A687BA004AD1F4 /* ChatApp.app */;
			productType = "com.apple.product-type.application";
		};
/* End PBXNativeTarget section */

/* Begin PBXProject section */
		85A1E7BA29A687BA004AD1F4 /* Project object */ = {
			isa = PBXProject;
			attributes = {
				BuildIndependentTargetsInParallel = 1;
				LastSwiftUpdateCheck = 1420;
				LastUpgradeCheck = 1420;
				TargetAttributes = {
					855940AD2A0BD8FA0065A30E = {
						CreatedOnToolsVersion = 14.2;
						TestTargetID = 85A1E7C129A687BA004AD1F4;
					};
					855940BA2A0BD9200065A30E = {
						CreatedOnToolsVersion = 14.2;
						TestTargetID = 85A1E7C129A687BA004AD1F4;
					};
					85A1E7C129A687BA004AD1F4 = {
						CreatedOnToolsVersion = 14.2;
					};
				};
			};
			buildConfigurationList = 85A1E7BD29A687BA004AD1F4 /* Build configuration list for PBXProject "ChatApp" */;
			compatibilityVersion = "Xcode 14.0";
			developmentRegion = en;
			hasScannedForEncodings = 0;
			knownRegions = (
				en,
				Base,
			);
			mainGroup = 85A1E7B929A687BA004AD1F4;
			productRefGroup = 85A1E7C329A687BA004AD1F4 /* Products */;
			projectDirPath = "";
			projectRoot = "";
			targets = (
				85A1E7C129A687BA004AD1F4 /* ChatApp */,
				855940AD2A0BD8FA0065A30E /* ChatAppTests */,
				855940BA2A0BD9200065A30E /* ChatAppUITests */,
			);
		};
/* End PBXProject section */

/* Begin PBXResourcesBuildPhase section */
		855940AC2A0BD8FA0065A30E /* Resources */ = {
			isa = PBXResourcesBuildPhase;
			buildActionMask = 2147483647;
			files = (
			);
			runOnlyForDeploymentPostprocessing = 0;
		};
		855940B92A0BD9200065A30E /* Resources */ = {
			isa = PBXResourcesBuildPhase;
			buildActionMask = 2147483647;
			files = (
			);
			runOnlyForDeploymentPostprocessing = 0;
		};
		85A1E7C029A687BA004AD1F4 /* Resources */ = {
			isa = PBXResourcesBuildPhase;
			buildActionMask = 2147483647;
			files = (
				85A1E7D229A687BD004AD1F4 /* LaunchScreen.storyboard in Resources */,
				85A1E7CF29A687BD004AD1F4 /* Assets.xcassets in Resources */,
			);
			runOnlyForDeploymentPostprocessing = 0;
		};
/* End PBXResourcesBuildPhase section */

/* Begin PBXShellScriptBuildPhase section */
		1140D33121B7D1645CFE74CE /* [CP] Check Pods Manifest.lock */ = {
			isa = PBXShellScriptBuildPhase;
			buildActionMask = 2147483647;
			files = (
			);
			inputFileListPaths = (
			);
			inputPaths = (
				"${PODS_PODFILE_DIR_PATH}/Podfile.lock",
				"${PODS_ROOT}/Manifest.lock",
			);
			name = "[CP] Check Pods Manifest.lock";
			outputFileListPaths = (
			);
			outputPaths = (
				"$(DERIVED_FILE_DIR)/Pods-ChatApp-checkManifestLockResult.txt",
			);
			runOnlyForDeploymentPostprocessing = 0;
			shellPath = /bin/sh;
			shellScript = "diff \"${PODS_PODFILE_DIR_PATH}/Podfile.lock\" \"${PODS_ROOT}/Manifest.lock\" > /dev/null\nif [ $? != 0 ] ; then\n    # print error to STDERR\n    echo \"error: The sandbox is not in sync with the Podfile.lock. Run 'pod install' or update your CocoaPods installation.\" >&2\n    exit 1\nfi\n# This output is used by Xcode 'outputs' to avoid re-running this script phase.\necho \"SUCCESS\" > \"${SCRIPT_OUTPUT_FILE_0}\"\n";
			showEnvVarsInLog = 0;
		};
		1657749766CA2F33E28B1D2C /* [CP] Embed Pods Frameworks */ = {
			isa = PBXShellScriptBuildPhase;
			buildActionMask = 2147483647;
			files = (
			);
			inputFileListPaths = (
				"${PODS_ROOT}/Target Support Files/Pods-ChatApp/Pods-ChatApp-frameworks-${CONFIGURATION}-input-files.xcfilelist",
			);
			name = "[CP] Embed Pods Frameworks";
			outputFileListPaths = (
				"${PODS_ROOT}/Target Support Files/Pods-ChatApp/Pods-ChatApp-frameworks-${CONFIGURATION}-output-files.xcfilelist",
			);
			runOnlyForDeploymentPostprocessing = 0;
			shellPath = /bin/sh;
			shellScript = "\"${PODS_ROOT}/Target Support Files/Pods-ChatApp/Pods-ChatApp-frameworks.sh\"\n";
			showEnvVarsInLog = 0;
		};
		8549A87F29DC228300F0B2E3 /* ShellScript */ = {
			isa = PBXShellScriptBuildPhase;
			alwaysOutOfDate = 1;
			buildActionMask = 2147483647;
			files = (
			);
			inputFileListPaths = (
			);
			inputPaths = (
			);
			outputFileListPaths = (
			);
			outputPaths = (
			);
			runOnlyForDeploymentPostprocessing = 0;
			shellPath = /bin/sh;
			shellScript = "# Type a script or drag a script file from your workspace to insert its path.\n\"${PODS_ROOT}/Swiftlint/swiftlint\" \"${SRCROOT}/ChatApp\"\n";
		};
/* End PBXShellScriptBuildPhase section */

/* Begin PBXSourcesBuildPhase section */
		855940AA2A0BD8FA0065A30E /* Sources */ = {
			isa = PBXSourcesBuildPhase;
			buildActionMask = 2147483647;
			files = (
				855940CB2A0C06E80065A30E /* MockNetworkService.swift in Sources */,
				855940B12A0BD8FA0065A30E /* ImageServiceTests.swift in Sources */,
			);
			runOnlyForDeploymentPostprocessing = 0;
		};
		855940B72A0BD9200065A30E /* Sources */ = {
			isa = PBXSourcesBuildPhase;
			buildActionMask = 2147483647;
			files = (
				855940BE2A0BD9200065A30E /* ProfileUITests.swift in Sources */,
			);
			runOnlyForDeploymentPostprocessing = 0;
		};
		85A1E7BE29A687BA004AD1F4 /* Sources */ = {
			isa = PBXSourcesBuildPhase;
			buildActionMask = 2147483647;
			files = (
				8546F01B29EEEFC800ECDF0E /* UserProfileDataServiceProtocol.swift in Sources */,
				8546F05F29F0269F00ECDF0E /* ThemeServiceProtocol.swift in Sources */,
				8546F05229EF1E2100ECDF0E /* ServiceAssembly.swift in Sources */,
				8546F03329EF044700ECDF0E /* ThemesViewOutput.swift in Sources */,
				85A1E7F229B5E028004AD1F4 /* ConversationCellModel.swift in Sources */,
				8546F02329EEF5A000ECDF0E /* ThemesViewController.swift in Sources */,
				85C002B329FBAEF200DE2047 /* PixabyModel.swift in Sources */,
				855940A52A03A7360065A30E /* CustomTransitionAnimator.swift in Sources */,
				8501E6CF29DD7A45002949E6 /* TabBarController.swift in Sources */,
				8546F04929EF148000ECDF0E /* ConversationsListViewOutput.swift in Sources */,
				855940A92A03ACD90065A30E /* HerbCreatorProtocol.swift in Sources */,
				8546F05629EF1F6200ECDF0E /* ProfileEditingAssembly.swift in Sources */,
				855940892A019ED00065A30E /* ProfilePresenter.swift in Sources */,
				8549A88129DC31D600F0B2E3 /* ProfileEditingViewControllerExtension.swift in Sources */,
				853DB41229FBFDE500B6605F /* ConversationModuleOutput.swift in Sources */,
				8546F04B29EF150A00ECDF0E /* ConversationsListPresenter.swift in Sources */,
				85A1E7FA29B8A233004AD1F4 /* MessageModel.swift in Sources */,
				8546F05A29EF1F8D00ECDF0E /* ConversationsListAssembly.swift in Sources */,
				85A1E7DA29A68B0A004AD1F4 /* Logger.swift in Sources */,
				855940932A02836A0065A30E /* ProfileAssembly.swift in Sources */,
				85C002B129FBA75900DE2047 /* TFSError.swift in Sources */,
				85A1E7F829B8A148004AD1F4 /* MessageTableViewCell.swift in Sources */,
				859F3FB029E4422700466172 /* Chat.xcdatamodeld in Sources */,
				8546F03529EF04A500ECDF0E /* ProfileEditingViewController.swift in Sources */,
				8546F04729EF135D00ECDF0E /* ConversationsListViewInput.swift in Sources */,
				8559408B2A01A0010065A30E /* ProfileViewInput.swift in Sources */,
				853DB41029FBF5E900B6605F /* ImageSelectionDelegate.swift in Sources */,
				85A1E7EE29AF6C1B004AD1F4 /* UIFont.swift in Sources */,
				8546F07129F808AF00ECDF0E /* ImageCell.swift in Sources */,
				853DB3FE29FBBA0200B6605F /* URLRequestFactory.swift in Sources */,
				8546F03929EF04D900ECDF0E /* ProfileEditingViewOutput.swift in Sources */,
				855940A72A03A7660065A30E /* CustomTransitionDelegate.swift in Sources */,
				855940972A02B55E0065A30E /* ProfileSaveDelegate.swift in Sources */,
				8546F02529EEF5B800ECDF0E /* ThemesPresenter.swift in Sources */,
				85C002AD29FBA6CA00DE2047 /* ImageServiceProtocol.swift in Sources */,
				8546F05029EF1D6F00ECDF0E /* RootCoordinator.swift in Sources */,
				8546F06A29F17ECE00ECDF0E /* UserService.swift in Sources */,
				8546F05829EF1F7600ECDF0E /* ConversationAssembly.swift in Sources */,
				859F3FB229E44CA700466172 /* CoreDataService.swift in Sources */,
				8546F01D29EEF0F000ECDF0E /* ChatDataSourceProtocol.swift in Sources */,
				8546F05D29F0211100ECDF0E /* ThemeService.swift in Sources */,
				8546F03D29EF112000ECDF0E /* ConversationViewController.swift in Sources */,
				853DB40229FBD44200B6605F /* ImageSelectionPresenter.swift in Sources */,
				855940872A019EB90065A30E /* ProfileViewController.swift in Sources */,
				853DB40629FBD48D00B6605F /* ImageSelectionViewOutput.swift in Sources */,
				85C002AA29FBA69900DE2047 /* ImageService.swift in Sources */,
				85C002A829FBA4CF00DE2047 /* NetworkServiceProtocol.swift in Sources */,
				85C0028129FAA20F00DE2047 /* ConversationListDataSource.swift in Sources */,
				8546F03729EF04BA00ECDF0E /* ProfileEditingViewInput.swift in Sources */,
				85A1E7C629A687BA004AD1F4 /* AppDelegate.swift in Sources */,
				8559408D2A01A0130065A30E /* ProfileViewOutput.swift in Sources */,
				8546F05429EF1F3300ECDF0E /* ThemesAssembly.swift in Sources */,
				85A1E7F629B88B3C004AD1F4 /* UserProfileViewModel.swift in Sources */,
				859F3FB429E44E7300466172 /* ChatDataSource.swift in Sources */,
				8546F04329EF11B100ECDF0E /* ConversationPresenter.swift in Sources */,
				853DB40C29FBEADF00B6605F /* ImageSelectionAssembly.swift in Sources */,
				855940A12A0307470065A30E /* HerbCreator.swift in Sources */,
				8549A83B29D2F69C00F0B2E3 /* UserProfileDataService.swift in Sources */,
				8546F03129EF040300ECDF0E /* ThemesViewInput.swift in Sources */,
				8546F06629F135BF00ECDF0E /* ConversationsListModuleOutput.swift in Sources */,
				8546F04129EF116300ECDF0E /* ConversationViewOutput.swift in Sources */,
				8546F03B29EF053200ECDF0E /* ProfileEditingPresenter.swift in Sources */,
				8546F03F29EF114800ECDF0E /* ConversationViewInput.swift in Sources */,
				85A1E7EC29AF6BF0004AD1F4 /* UIColor.swift in Sources */,
				8559408F2A01A02F0065A30E /* ProfileModuleOutput.swift in Sources */,
				8546F01929EEED9D00ECDF0E /* ThemeSaverProtocol.swift in Sources */,
				85C0028329FACD7B00DE2047 /* ConversationDataSource.swift in Sources */,
				8546F06F29F7E9E400ECDF0E /* ImageSelectionViewController.swift in Sources */,
				85A1E7F429B5E0CA004AD1F4 /* ConversationCell.swift in Sources */,
				8546F06C29F17EE400ECDF0E /* UserServiceProtocol.swift in Sources */,
				853DB40029FBBA1200B6605F /* URLRequestFactoryProtocol.swift in Sources */,
				8546F04529EF133800ECDF0E /* ConversationsListViewController.swift in Sources */,
				8546F01F29EEF16600ECDF0E /* CoreDataServiceProtocol.swift in Sources */,
				853DB40E29FBED5200B6605F /* ProfileEditingModuleOutput.swift in Sources */,
				853DB40429FBD47A00B6605F /* ImageSelectionViewInput.swift in Sources */,
				85C002A629FBA4BB00DE2047 /* NetworkService.swift in Sources */,
				85F3A8F229CA04EB00ACBB6C /* GCDThemeSaver.swift in Sources */,
			);
			runOnlyForDeploymentPostprocessing = 0;
		};
/* End PBXSourcesBuildPhase section */

/* Begin PBXTargetDependency section */
		855940B32A0BD8FA0065A30E /* PBXTargetDependency */ = {
			isa = PBXTargetDependency;
			target = 85A1E7C129A687BA004AD1F4 /* ChatApp */;
			targetProxy = 855940B22A0BD8FA0065A30E /* PBXContainerItemProxy */;
		};
		855940C22A0BD9200065A30E /* PBXTargetDependency */ = {
			isa = PBXTargetDependency;
			target = 85A1E7C129A687BA004AD1F4 /* ChatApp */;
			targetProxy = 855940C12A0BD9200065A30E /* PBXContainerItemProxy */;
		};
/* End PBXTargetDependency section */

/* Begin PBXVariantGroup section */
		85A1E7D029A687BD004AD1F4 /* LaunchScreen.storyboard */ = {
			isa = PBXVariantGroup;
			children = (
				85A1E7D129A687BD004AD1F4 /* Base */,
			);
			name = LaunchScreen.storyboard;
			sourceTree = "<group>";
		};
/* End PBXVariantGroup section */

/* Begin XCBuildConfiguration section */
		855940B52A0BD8FA0065A30E /* Debug */ = {
			isa = XCBuildConfiguration;
			buildSettings = {
				BUNDLE_LOADER = "$(TEST_HOST)";
				CODE_SIGN_STYLE = Automatic;
				CURRENT_PROJECT_VERSION = 1;
				GENERATE_INFOPLIST_FILE = YES;
				IPHONEOS_DEPLOYMENT_TARGET = 14.0;
				MARKETING_VERSION = 1.0;
				PRODUCT_BUNDLE_IDENTIFIER = ru.tinkoff.ChatAppTests;
				PRODUCT_NAME = "$(TARGET_NAME)";
				SWIFT_EMIT_LOC_STRINGS = NO;
				SWIFT_VERSION = 5.0;
				TARGETED_DEVICE_FAMILY = "1,2";
				TEST_HOST = "$(BUILT_PRODUCTS_DIR)/ChatApp.app/$(BUNDLE_EXECUTABLE_FOLDER_PATH)/ChatApp";
			};
			name = Debug;
		};
		855940B62A0BD8FA0065A30E /* Release */ = {
			isa = XCBuildConfiguration;
			buildSettings = {
				BUNDLE_LOADER = "$(TEST_HOST)";
				CODE_SIGN_STYLE = Automatic;
				CURRENT_PROJECT_VERSION = 1;
				GENERATE_INFOPLIST_FILE = YES;
				IPHONEOS_DEPLOYMENT_TARGET = 14.0;
				MARKETING_VERSION = 1.0;
				PRODUCT_BUNDLE_IDENTIFIER = ru.tinkoff.ChatAppTests;
				PRODUCT_NAME = "$(TARGET_NAME)";
				SWIFT_EMIT_LOC_STRINGS = NO;
				SWIFT_VERSION = 5.0;
				TARGETED_DEVICE_FAMILY = "1,2";
				TEST_HOST = "$(BUILT_PRODUCTS_DIR)/ChatApp.app/$(BUNDLE_EXECUTABLE_FOLDER_PATH)/ChatApp";
			};
			name = Release;
		};
		855940C42A0BD9200065A30E /* Debug */ = {
			isa = XCBuildConfiguration;
			buildSettings = {
				CODE_SIGN_STYLE = Automatic;
				CURRENT_PROJECT_VERSION = 1;
				GENERATE_INFOPLIST_FILE = YES;
				IPHONEOS_DEPLOYMENT_TARGET = 14.0;
				MARKETING_VERSION = 1.0;
				PRODUCT_BUNDLE_IDENTIFIER = ru.tinkoff.ChatAppUITests;
				PRODUCT_NAME = "$(TARGET_NAME)";
				SWIFT_EMIT_LOC_STRINGS = NO;
				SWIFT_VERSION = 5.0;
				TARGETED_DEVICE_FAMILY = "1,2";
				TEST_TARGET_NAME = ChatApp;
			};
			name = Debug;
		};
		855940C52A0BD9200065A30E /* Release */ = {
			isa = XCBuildConfiguration;
			buildSettings = {
				CODE_SIGN_STYLE = Automatic;
				CURRENT_PROJECT_VERSION = 1;
				GENERATE_INFOPLIST_FILE = YES;
				IPHONEOS_DEPLOYMENT_TARGET = 14.0;
				MARKETING_VERSION = 1.0;
				PRODUCT_BUNDLE_IDENTIFIER = ru.tinkoff.ChatAppUITests;
				PRODUCT_NAME = "$(TARGET_NAME)";
				SWIFT_EMIT_LOC_STRINGS = NO;
				SWIFT_VERSION = 5.0;
				TARGETED_DEVICE_FAMILY = "1,2";
				TEST_TARGET_NAME = ChatApp;
			};
			name = Release;
		};
		85A1E7D429A687BD004AD1F4 /* Debug */ = {
			isa = XCBuildConfiguration;
			buildSettings = {
				ALWAYS_SEARCH_USER_PATHS = NO;
				CLANG_ANALYZER_NONNULL = YES;
				CLANG_ANALYZER_NUMBER_OBJECT_CONVERSION = YES_AGGRESSIVE;
				CLANG_CXX_LANGUAGE_STANDARD = "gnu++20";
				CLANG_ENABLE_MODULES = YES;
				CLANG_ENABLE_OBJC_ARC = YES;
				CLANG_ENABLE_OBJC_WEAK = YES;
				CLANG_WARN_BLOCK_CAPTURE_AUTORELEASING = YES;
				CLANG_WARN_BOOL_CONVERSION = YES;
				CLANG_WARN_COMMA = YES;
				CLANG_WARN_CONSTANT_CONVERSION = YES;
				CLANG_WARN_DEPRECATED_OBJC_IMPLEMENTATIONS = YES;
				CLANG_WARN_DIRECT_OBJC_ISA_USAGE = YES_ERROR;
				CLANG_WARN_DOCUMENTATION_COMMENTS = YES;
				CLANG_WARN_EMPTY_BODY = YES;
				CLANG_WARN_ENUM_CONVERSION = YES;
				CLANG_WARN_INFINITE_RECURSION = YES;
				CLANG_WARN_INT_CONVERSION = YES;
				CLANG_WARN_NON_LITERAL_NULL_CONVERSION = YES;
				CLANG_WARN_OBJC_IMPLICIT_RETAIN_SELF = YES;
				CLANG_WARN_OBJC_LITERAL_CONVERSION = YES;
				CLANG_WARN_OBJC_ROOT_CLASS = YES_ERROR;
				CLANG_WARN_QUOTED_INCLUDE_IN_FRAMEWORK_HEADER = YES;
				CLANG_WARN_RANGE_LOOP_ANALYSIS = YES;
				CLANG_WARN_STRICT_PROTOTYPES = YES;
				CLANG_WARN_SUSPICIOUS_MOVE = YES;
				CLANG_WARN_UNGUARDED_AVAILABILITY = YES_AGGRESSIVE;
				CLANG_WARN_UNREACHABLE_CODE = YES;
				CLANG_WARN__DUPLICATE_METHOD_MATCH = YES;
				COPY_PHASE_STRIP = NO;
				DEBUG_INFORMATION_FORMAT = dwarf;
				ENABLE_STRICT_OBJC_MSGSEND = YES;
				ENABLE_TESTABILITY = YES;
				GCC_C_LANGUAGE_STANDARD = gnu11;
				GCC_DYNAMIC_NO_PIC = NO;
				GCC_NO_COMMON_BLOCKS = YES;
				GCC_OPTIMIZATION_LEVEL = 0;
				GCC_PREPROCESSOR_DEFINITIONS = (
					"DEBUG=1",
					"$(inherited)",
				);
				GCC_WARN_64_TO_32_BIT_CONVERSION = YES;
				GCC_WARN_ABOUT_RETURN_TYPE = YES_ERROR;
				GCC_WARN_UNDECLARED_SELECTOR = YES;
				GCC_WARN_UNINITIALIZED_AUTOS = YES_AGGRESSIVE;
				GCC_WARN_UNUSED_FUNCTION = YES;
				GCC_WARN_UNUSED_VARIABLE = YES;
				IPHONEOS_DEPLOYMENT_TARGET = 14.0;
				MTL_ENABLE_DEBUG_INFO = INCLUDE_SOURCE;
				MTL_FAST_MATH = YES;
				ONLY_ACTIVE_ARCH = YES;
				SDKROOT = iphoneos;
				SWIFT_ACTIVE_COMPILATION_CONDITIONS = DEBUG;
				SWIFT_OPTIMIZATION_LEVEL = "-Onone";
			};
			name = Debug;
		};
		85A1E7D529A687BD004AD1F4 /* Release */ = {
			isa = XCBuildConfiguration;
			buildSettings = {
				ALWAYS_SEARCH_USER_PATHS = NO;
				CLANG_ANALYZER_NONNULL = YES;
				CLANG_ANALYZER_NUMBER_OBJECT_CONVERSION = YES_AGGRESSIVE;
				CLANG_CXX_LANGUAGE_STANDARD = "gnu++20";
				CLANG_ENABLE_MODULES = YES;
				CLANG_ENABLE_OBJC_ARC = YES;
				CLANG_ENABLE_OBJC_WEAK = YES;
				CLANG_WARN_BLOCK_CAPTURE_AUTORELEASING = YES;
				CLANG_WARN_BOOL_CONVERSION = YES;
				CLANG_WARN_COMMA = YES;
				CLANG_WARN_CONSTANT_CONVERSION = YES;
				CLANG_WARN_DEPRECATED_OBJC_IMPLEMENTATIONS = YES;
				CLANG_WARN_DIRECT_OBJC_ISA_USAGE = YES_ERROR;
				CLANG_WARN_DOCUMENTATION_COMMENTS = YES;
				CLANG_WARN_EMPTY_BODY = YES;
				CLANG_WARN_ENUM_CONVERSION = YES;
				CLANG_WARN_INFINITE_RECURSION = YES;
				CLANG_WARN_INT_CONVERSION = YES;
				CLANG_WARN_NON_LITERAL_NULL_CONVERSION = YES;
				CLANG_WARN_OBJC_IMPLICIT_RETAIN_SELF = YES;
				CLANG_WARN_OBJC_LITERAL_CONVERSION = YES;
				CLANG_WARN_OBJC_ROOT_CLASS = YES_ERROR;
				CLANG_WARN_QUOTED_INCLUDE_IN_FRAMEWORK_HEADER = YES;
				CLANG_WARN_RANGE_LOOP_ANALYSIS = YES;
				CLANG_WARN_STRICT_PROTOTYPES = YES;
				CLANG_WARN_SUSPICIOUS_MOVE = YES;
				CLANG_WARN_UNGUARDED_AVAILABILITY = YES_AGGRESSIVE;
				CLANG_WARN_UNREACHABLE_CODE = YES;
				CLANG_WARN__DUPLICATE_METHOD_MATCH = YES;
				COPY_PHASE_STRIP = NO;
				DEBUG_INFORMATION_FORMAT = "dwarf-with-dsym";
				ENABLE_NS_ASSERTIONS = NO;
				ENABLE_STRICT_OBJC_MSGSEND = YES;
				GCC_C_LANGUAGE_STANDARD = gnu11;
				GCC_NO_COMMON_BLOCKS = YES;
				GCC_WARN_64_TO_32_BIT_CONVERSION = YES;
				GCC_WARN_ABOUT_RETURN_TYPE = YES_ERROR;
				GCC_WARN_UNDECLARED_SELECTOR = YES;
				GCC_WARN_UNINITIALIZED_AUTOS = YES_AGGRESSIVE;
				GCC_WARN_UNUSED_FUNCTION = YES;
				GCC_WARN_UNUSED_VARIABLE = YES;
				IPHONEOS_DEPLOYMENT_TARGET = 14.0;
				MTL_ENABLE_DEBUG_INFO = NO;
				MTL_FAST_MATH = YES;
				SDKROOT = iphoneos;
				SWIFT_COMPILATION_MODE = wholemodule;
				SWIFT_OPTIMIZATION_LEVEL = "-O";
				VALIDATE_PRODUCT = YES;
			};
			name = Release;
		};
		85A1E7D729A687BD004AD1F4 /* Debug */ = {
			isa = XCBuildConfiguration;
			baseConfigurationReference = 855940D92A158DB50065A30E /* Debug.xcconfig */;
			buildSettings = {
				ASSETCATALOG_COMPILER_APPICON_NAME = AppIcon;
				ASSETCATALOG_COMPILER_GLOBAL_ACCENT_COLOR_NAME = AccentColor;
				CODE_SIGN_STYLE = Automatic;
				CURRENT_PROJECT_VERSION = 1;
				DEVELOPMENT_TEAM = HLV8HT4WV9;
				GENERATE_INFOPLIST_FILE = YES;
				HOST = "";
				INFOPLIST_FILE = ChatApp/Info.plist;
				INFOPLIST_KEY_UIApplicationSupportsIndirectInputEvents = YES;
				INFOPLIST_KEY_UILaunchStoryboardName = LaunchScreen;
				INFOPLIST_KEY_UISupportedInterfaceOrientations = UIInterfaceOrientationPortrait;
				INFOPLIST_KEY_UISupportedInterfaceOrientations_iPad = "UIInterfaceOrientationLandscapeLeft UIInterfaceOrientationLandscapeRight UIInterfaceOrientationPortrait UIInterfaceOrientationPortraitUpsideDown";
				IPHONEOS_DEPLOYMENT_TARGET = 14.0;
				LD_RUNPATH_SEARCH_PATHS = (
					"$(inherited)",
					"@executable_path/Frameworks",
				);
				MARKETING_VERSION = 1.0;
				PORT = "";
				PRODUCT_BUNDLE_IDENTIFIER = ru.tinkoff.ChatApp;
				PRODUCT_NAME = "$(TARGET_NAME)";
				SUPPORTED_PLATFORMS = "iphoneos iphonesimulator";
				SUPPORTS_MACCATALYST = NO;
				SUPPORTS_MAC_DESIGNED_FOR_IPHONE_IPAD = YES;
				SWIFT_EMIT_LOC_STRINGS = YES;
				SWIFT_VERSION = 5.0;
				TARGETED_DEVICE_FAMILY = 1;
			};
			name = Debug;
		};
		85A1E7D829A687BD004AD1F4 /* Release */ = {
			isa = XCBuildConfiguration;
			baseConfigurationReference = 855940DB2A158EDB0065A30E /* Release.xcconfig */;
			buildSettings = {
				ASSETCATALOG_COMPILER_APPICON_NAME = AppIcon;
				ASSETCATALOG_COMPILER_GLOBAL_ACCENT_COLOR_NAME = AccentColor;
				CODE_SIGN_STYLE = Automatic;
				CURRENT_PROJECT_VERSION = 1;
				DEVELOPMENT_TEAM = HLV8HT4WV9;
				GENERATE_INFOPLIST_FILE = YES;
				INFOPLIST_FILE = ChatApp/Info.plist;
				INFOPLIST_KEY_UIApplicationSupportsIndirectInputEvents = YES;
				INFOPLIST_KEY_UILaunchStoryboardName = LaunchScreen;
				INFOPLIST_KEY_UISupportedInterfaceOrientations = UIInterfaceOrientationPortrait;
				INFOPLIST_KEY_UISupportedInterfaceOrientations_iPad = "UIInterfaceOrientationLandscapeLeft UIInterfaceOrientationLandscapeRight UIInterfaceOrientationPortrait UIInterfaceOrientationPortraitUpsideDown";
				IPHONEOS_DEPLOYMENT_TARGET = 14.0;
				LD_RUNPATH_SEARCH_PATHS = (
					"$(inherited)",
					"@executable_path/Frameworks",
				);
				MARKETING_VERSION = 1.0;
				PRODUCT_BUNDLE_IDENTIFIER = ru.tinkoff.ChatApp;
				PRODUCT_NAME = "$(TARGET_NAME)";
				SUPPORTED_PLATFORMS = "iphoneos iphonesimulator";
				SUPPORTS_MACCATALYST = NO;
				SUPPORTS_MAC_DESIGNED_FOR_IPHONE_IPAD = YES;
				SWIFT_EMIT_LOC_STRINGS = YES;
				SWIFT_VERSION = 5.0;
				TARGETED_DEVICE_FAMILY = 1;
			};
			name = Release;
		};
/* End XCBuildConfiguration section */

/* Begin XCConfigurationList section */
		855940B42A0BD8FA0065A30E /* Build configuration list for PBXNativeTarget "ChatAppTests" */ = {
			isa = XCConfigurationList;
			buildConfigurations = (
				855940B52A0BD8FA0065A30E /* Debug */,
				855940B62A0BD8FA0065A30E /* Release */,
			);
			defaultConfigurationIsVisible = 0;
			defaultConfigurationName = Release;
		};
		855940C32A0BD9200065A30E /* Build configuration list for PBXNativeTarget "ChatAppUITests" */ = {
			isa = XCConfigurationList;
			buildConfigurations = (
				855940C42A0BD9200065A30E /* Debug */,
				855940C52A0BD9200065A30E /* Release */,
			);
			defaultConfigurationIsVisible = 0;
			defaultConfigurationName = Release;
		};
		85A1E7BD29A687BA004AD1F4 /* Build configuration list for PBXProject "ChatApp" */ = {
			isa = XCConfigurationList;
			buildConfigurations = (
				85A1E7D429A687BD004AD1F4 /* Debug */,
				85A1E7D529A687BD004AD1F4 /* Release */,
			);
			defaultConfigurationIsVisible = 0;
			defaultConfigurationName = Release;
		};
		85A1E7D629A687BD004AD1F4 /* Build configuration list for PBXNativeTarget "ChatApp" */ = {
			isa = XCConfigurationList;
			buildConfigurations = (
				85A1E7D729A687BD004AD1F4 /* Debug */,
				85A1E7D829A687BD004AD1F4 /* Release */,
			);
			defaultConfigurationIsVisible = 0;
			defaultConfigurationName = Release;
		};
/* End XCConfigurationList section */

/* Begin XCVersionGroup section */
		859F3FAE29E4422700466172 /* Chat.xcdatamodeld */ = {
			isa = XCVersionGroup;
			children = (
				859F3FAF29E4422700466172 /* Chat.xcdatamodel */,
			);
			currentVersion = 859F3FAF29E4422700466172 /* Chat.xcdatamodel */;
			path = Chat.xcdatamodeld;
			sourceTree = "<group>";
			versionGroupType = wrapper.xcdatamodel;
		};
/* End XCVersionGroup section */
	};
	rootObject = 85A1E7BA29A687BA004AD1F4 /* Project object */;
}
