// !$*UTF8*$!
{
	archiveVersion = 1;
	classes = {
	};
	objectVersion = 56;
	objects = {

/* Begin PBXBuildFile section */
		60D9B1ED7748FF69DE0095DE /* Pods_ChatApp.framework in Frameworks */ = {isa = PBXBuildFile; fileRef = 465D05353F9EEEF239125666 /* Pods_ChatApp.framework */; };
		8501E6CF29DD7A45002949E6 /* TabBarController.swift in Sources */ = {isa = PBXBuildFile; fileRef = 8501E6CE29DD7A45002949E6 /* TabBarController.swift */; };
		8549A83B29D2F69C00F0B2E3 /* UserProfileDataManager.swift in Sources */ = {isa = PBXBuildFile; fileRef = 8549A83A29D2F69C00F0B2E3 /* UserProfileDataManager.swift */; };
		8549A88129DC31D600F0B2E3 /* ProfileViewControllerExtension.swift in Sources */ = {isa = PBXBuildFile; fileRef = 8549A88029DC31D600F0B2E3 /* ProfileViewControllerExtension.swift */; };
		859F3FB029E4422700466172 /* Chat.xcdatamodeld in Sources */ = {isa = PBXBuildFile; fileRef = 859F3FAE29E4422700466172 /* Chat.xcdatamodeld */; };
		859F3FB229E44CA700466172 /* CoreDataService.swift in Sources */ = {isa = PBXBuildFile; fileRef = 859F3FB129E44CA700466172 /* CoreDataService.swift */; };
		859F3FB429E44E7300466172 /* ChatDataSource.swift in Sources */ = {isa = PBXBuildFile; fileRef = 859F3FB329E44E7300466172 /* ChatDataSource.swift */; };
		85A1E7C629A687BA004AD1F4 /* AppDelegate.swift in Sources */ = {isa = PBXBuildFile; fileRef = 85A1E7C529A687BA004AD1F4 /* AppDelegate.swift */; };
		85A1E7CA29A687BA004AD1F4 /* ConversationsListViewController.swift in Sources */ = {isa = PBXBuildFile; fileRef = 85A1E7C929A687BA004AD1F4 /* ConversationsListViewController.swift */; };
		85A1E7CF29A687BD004AD1F4 /* Assets.xcassets in Resources */ = {isa = PBXBuildFile; fileRef = 85A1E7CE29A687BD004AD1F4 /* Assets.xcassets */; };
		85A1E7D229A687BD004AD1F4 /* LaunchScreen.storyboard in Resources */ = {isa = PBXBuildFile; fileRef = 85A1E7D029A687BD004AD1F4 /* LaunchScreen.storyboard */; };
		85A1E7DA29A68B0A004AD1F4 /* Logger.swift in Sources */ = {isa = PBXBuildFile; fileRef = 85A1E7D929A68B0A004AD1F4 /* Logger.swift */; };
		85A1E7EA29AF6BB1004AD1F4 /* ProfileViewController.swift in Sources */ = {isa = PBXBuildFile; fileRef = 85A1E7E929AF6BB1004AD1F4 /* ProfileViewController.swift */; };
		85A1E7EC29AF6BF0004AD1F4 /* UIColor.swift in Sources */ = {isa = PBXBuildFile; fileRef = 85A1E7EB29AF6BF0004AD1F4 /* UIColor.swift */; };
		85A1E7EE29AF6C1B004AD1F4 /* UIFont.swift in Sources */ = {isa = PBXBuildFile; fileRef = 85A1E7ED29AF6C1B004AD1F4 /* UIFont.swift */; };
		85A1E7F029B5DFCF004AD1F4 /* ConversationViewController.swift in Sources */ = {isa = PBXBuildFile; fileRef = 85A1E7EF29B5DFCF004AD1F4 /* ConversationViewController.swift */; };
		85A1E7F229B5E028004AD1F4 /* ConversationCellModel.swift in Sources */ = {isa = PBXBuildFile; fileRef = 85A1E7F129B5E028004AD1F4 /* ConversationCellModel.swift */; };
		85A1E7F429B5E0CA004AD1F4 /* ConversationCell.swift in Sources */ = {isa = PBXBuildFile; fileRef = 85A1E7F329B5E0CA004AD1F4 /* ConversationCell.swift */; };
		85A1E7F629B88B3C004AD1F4 /* UserProfileViewModel.swift in Sources */ = {isa = PBXBuildFile; fileRef = 85A1E7F529B88B3C004AD1F4 /* UserProfileViewModel.swift */; };
		85A1E7F829B8A148004AD1F4 /* MessageTableViewCell.swift in Sources */ = {isa = PBXBuildFile; fileRef = 85A1E7F729B8A148004AD1F4 /* MessageTableViewCell.swift */; };
		85A1E7FA29B8A233004AD1F4 /* MessageModel.swift in Sources */ = {isa = PBXBuildFile; fileRef = 85A1E7F929B8A233004AD1F4 /* MessageModel.swift */; };
		85A1E80029BF1CF2004AD1F4 /* ThemesViewController.swift in Sources */ = {isa = PBXBuildFile; fileRef = 85A1E7FF29BF1CF2004AD1F4 /* ThemesViewController.swift */; };
		85F3A8F229CA04EB00ACBB6C /* GCDProfileSaver.swift in Sources */ = {isa = PBXBuildFile; fileRef = 85F3A8F129CA04EB00ACBB6C /* GCDProfileSaver.swift */; };
		85F3A8F429CA6A0D00ACBB6C /* OperationProfileSaver.swift in Sources */ = {isa = PBXBuildFile; fileRef = 85F3A8F329CA6A0D00ACBB6C /* OperationProfileSaver.swift */; };
/* End PBXBuildFile section */

/* Begin PBXFileReference section */
		175FEF3CAB6F54FC245259A3 /* Pods-ChatApp.release.xcconfig */ = {isa = PBXFileReference; includeInIndex = 1; lastKnownFileType = text.xcconfig; name = "Pods-ChatApp.release.xcconfig"; path = "Target Support Files/Pods-ChatApp/Pods-ChatApp.release.xcconfig"; sourceTree = "<group>"; };
		465D05353F9EEEF239125666 /* Pods_ChatApp.framework */ = {isa = PBXFileReference; explicitFileType = wrapper.framework; includeInIndex = 0; path = Pods_ChatApp.framework; sourceTree = BUILT_PRODUCTS_DIR; };
		7168F416F897AFBB3BD2E288 /* Pods-ChatApp.debug.xcconfig */ = {isa = PBXFileReference; includeInIndex = 1; lastKnownFileType = text.xcconfig; name = "Pods-ChatApp.debug.xcconfig"; path = "Target Support Files/Pods-ChatApp/Pods-ChatApp.debug.xcconfig"; sourceTree = "<group>"; };
		8501E6CE29DD7A45002949E6 /* TabBarController.swift */ = {isa = PBXFileReference; lastKnownFileType = sourcecode.swift; path = TabBarController.swift; sourceTree = "<group>"; };
		8549A83A29D2F69C00F0B2E3 /* UserProfileDataManager.swift */ = {isa = PBXFileReference; lastKnownFileType = sourcecode.swift; path = UserProfileDataManager.swift; sourceTree = "<group>"; };
		8549A88029DC31D600F0B2E3 /* ProfileViewControllerExtension.swift */ = {isa = PBXFileReference; lastKnownFileType = sourcecode.swift; path = ProfileViewControllerExtension.swift; sourceTree = "<group>"; };
		859F3FAF29E4422700466172 /* Chat.xcdatamodel */ = {isa = PBXFileReference; lastKnownFileType = wrapper.xcdatamodel; path = Chat.xcdatamodel; sourceTree = "<group>"; };
		859F3FB129E44CA700466172 /* CoreDataService.swift */ = {isa = PBXFileReference; lastKnownFileType = sourcecode.swift; path = CoreDataService.swift; sourceTree = "<group>"; };
		859F3FB329E44E7300466172 /* ChatDataSource.swift */ = {isa = PBXFileReference; lastKnownFileType = sourcecode.swift; path = ChatDataSource.swift; sourceTree = "<group>"; };
		85A1E7C229A687BA004AD1F4 /* ChatApp.app */ = {isa = PBXFileReference; explicitFileType = wrapper.application; includeInIndex = 0; path = ChatApp.app; sourceTree = BUILT_PRODUCTS_DIR; };
		85A1E7C529A687BA004AD1F4 /* AppDelegate.swift */ = {isa = PBXFileReference; lastKnownFileType = sourcecode.swift; path = AppDelegate.swift; sourceTree = "<group>"; };
		85A1E7C929A687BA004AD1F4 /* ConversationsListViewController.swift */ = {isa = PBXFileReference; lastKnownFileType = sourcecode.swift; path = ConversationsListViewController.swift; sourceTree = "<group>"; };
		85A1E7CE29A687BD004AD1F4 /* Assets.xcassets */ = {isa = PBXFileReference; lastKnownFileType = folder.assetcatalog; path = Assets.xcassets; sourceTree = "<group>"; };
		85A1E7D129A687BD004AD1F4 /* Base */ = {isa = PBXFileReference; lastKnownFileType = file.storyboard; name = Base; path = Base.lproj/LaunchScreen.storyboard; sourceTree = "<group>"; };
		85A1E7D329A687BD004AD1F4 /* Info.plist */ = {isa = PBXFileReference; lastKnownFileType = text.plist.xml; path = Info.plist; sourceTree = "<group>"; };
		85A1E7D929A68B0A004AD1F4 /* Logger.swift */ = {isa = PBXFileReference; lastKnownFileType = sourcecode.swift; path = Logger.swift; sourceTree = "<group>"; };
		85A1E7E929AF6BB1004AD1F4 /* ProfileViewController.swift */ = {isa = PBXFileReference; lastKnownFileType = sourcecode.swift; path = ProfileViewController.swift; sourceTree = "<group>"; };
		85A1E7EB29AF6BF0004AD1F4 /* UIColor.swift */ = {isa = PBXFileReference; lastKnownFileType = sourcecode.swift; path = UIColor.swift; sourceTree = "<group>"; };
		85A1E7ED29AF6C1B004AD1F4 /* UIFont.swift */ = {isa = PBXFileReference; lastKnownFileType = sourcecode.swift; path = UIFont.swift; sourceTree = "<group>"; };
		85A1E7EF29B5DFCF004AD1F4 /* ConversationViewController.swift */ = {isa = PBXFileReference; lastKnownFileType = sourcecode.swift; path = ConversationViewController.swift; sourceTree = "<group>"; };
		85A1E7F129B5E028004AD1F4 /* ConversationCellModel.swift */ = {isa = PBXFileReference; lastKnownFileType = sourcecode.swift; path = ConversationCellModel.swift; sourceTree = "<group>"; };
		85A1E7F329B5E0CA004AD1F4 /* ConversationCell.swift */ = {isa = PBXFileReference; lastKnownFileType = sourcecode.swift; path = ConversationCell.swift; sourceTree = "<group>"; };
		85A1E7F529B88B3C004AD1F4 /* UserProfileViewModel.swift */ = {isa = PBXFileReference; lastKnownFileType = sourcecode.swift; path = UserProfileViewModel.swift; sourceTree = "<group>"; };
		85A1E7F729B8A148004AD1F4 /* MessageTableViewCell.swift */ = {isa = PBXFileReference; lastKnownFileType = sourcecode.swift; path = MessageTableViewCell.swift; sourceTree = "<group>"; };
		85A1E7F929B8A233004AD1F4 /* MessageModel.swift */ = {isa = PBXFileReference; lastKnownFileType = sourcecode.swift; path = MessageModel.swift; sourceTree = "<group>"; };
		85A1E7FF29BF1CF2004AD1F4 /* ThemesViewController.swift */ = {isa = PBXFileReference; lastKnownFileType = sourcecode.swift; path = ThemesViewController.swift; sourceTree = "<group>"; };
		85F3A8F129CA04EB00ACBB6C /* GCDProfileSaver.swift */ = {isa = PBXFileReference; lastKnownFileType = sourcecode.swift; path = GCDProfileSaver.swift; sourceTree = "<group>"; };
		85F3A8F329CA6A0D00ACBB6C /* OperationProfileSaver.swift */ = {isa = PBXFileReference; lastKnownFileType = sourcecode.swift; path = OperationProfileSaver.swift; sourceTree = "<group>"; };
/* End PBXFileReference section */

/* Begin PBXFrameworksBuildPhase section */
		85A1E7BF29A687BA004AD1F4 /* Frameworks */ = {
			isa = PBXFrameworksBuildPhase;
			buildActionMask = 2147483647;
			files = (
				60D9B1ED7748FF69DE0095DE /* Pods_ChatApp.framework in Frameworks */,
			);
			runOnlyForDeploymentPostprocessing = 0;
		};
/* End PBXFrameworksBuildPhase section */

/* Begin PBXGroup section */
		398BA693DCA4D2D1C67EDE45 /* Frameworks */ = {
			isa = PBXGroup;
			children = (
				465D05353F9EEEF239125666 /* Pods_ChatApp.framework */,
			);
			name = Frameworks;
			sourceTree = "<group>";
		};
		859F3FAC29E441DC00466172 /* Resourses */ = {
			isa = PBXGroup;
			children = (
				85A1E7D029A687BD004AD1F4 /* LaunchScreen.storyboard */,
				85A1E7CE29A687BD004AD1F4 /* Assets.xcassets */,
				859F3FAE29E4422700466172 /* Chat.xcdatamodeld */,
			);
			path = Resourses;
			sourceTree = "<group>";
		};
		859F3FAD29E4420500466172 /* App */ = {
			isa = PBXGroup;
			children = (
				85A1E7C529A687BA004AD1F4 /* AppDelegate.swift */,
			);
			path = App;
			sourceTree = "<group>";
		};
		85A1E7B929A687BA004AD1F4 = {
			isa = PBXGroup;
			children = (
				85A1E7C429A687BA004AD1F4 /* ChatApp */,
				85A1E7C329A687BA004AD1F4 /* Products */,
				C2AF9B9E62202BEF1B11B9D4 /* Pods */,
				398BA693DCA4D2D1C67EDE45 /* Frameworks */,
			);
			sourceTree = "<group>";
		};
		85A1E7C329A687BA004AD1F4 /* Products */ = {
			isa = PBXGroup;
			children = (
				85A1E7C229A687BA004AD1F4 /* ChatApp.app */,
			);
			name = Products;
			sourceTree = "<group>";
		};
		85A1E7C429A687BA004AD1F4 /* ChatApp */ = {
			isa = PBXGroup;
			children = (
				85A1E7D329A687BD004AD1F4 /* Info.plist */,
				859F3FAD29E4420500466172 /* App */,
				859F3FAC29E441DC00466172 /* Resourses */,
				85F3A8F029CA04C900ACBB6C /* Services */,
				85A1E7FE29B8E8BA004AD1F4 /* Helpers */,
				85A1E7FD29B8E8AE004AD1F4 /* Models */,
				85A1E7FC29B8E885004AD1F4 /* Views */,
				85A1E7FB29B8E877004AD1F4 /* Controllers */,
			);
			path = ChatApp;
			sourceTree = "<group>";
		};
		85A1E7FB29B8E877004AD1F4 /* Controllers */ = {
			isa = PBXGroup;
			children = (
				85A1E7EF29B5DFCF004AD1F4 /* ConversationViewController.swift */,
				85A1E7E929AF6BB1004AD1F4 /* ProfileViewController.swift */,
				85A1E7C929A687BA004AD1F4 /* ConversationsListViewController.swift */,
				85A1E7FF29BF1CF2004AD1F4 /* ThemesViewController.swift */,
				8549A88029DC31D600F0B2E3 /* ProfileViewControllerExtension.swift */,
				8501E6CE29DD7A45002949E6 /* TabBarController.swift */,
			);
			path = Controllers;
			sourceTree = "<group>";
		};
		85A1E7FC29B8E885004AD1F4 /* Views */ = {
			isa = PBXGroup;
			children = (
				85A1E7F329B5E0CA004AD1F4 /* ConversationCell.swift */,
				85A1E7F729B8A148004AD1F4 /* MessageTableViewCell.swift */,
			);
			path = Views;
			sourceTree = "<group>";
		};
		85A1E7FD29B8E8AE004AD1F4 /* Models */ = {
			isa = PBXGroup;
			children = (
				85A1E7F929B8A233004AD1F4 /* MessageModel.swift */,
				85A1E7F129B5E028004AD1F4 /* ConversationCellModel.swift */,
				85A1E7F529B88B3C004AD1F4 /* UserProfileViewModel.swift */,
			);
			path = Models;
			sourceTree = "<group>";
		};
		85A1E7FE29B8E8BA004AD1F4 /* Helpers */ = {
			isa = PBXGroup;
			children = (
				85A1E7ED29AF6C1B004AD1F4 /* UIFont.swift */,
				85A1E7EB29AF6BF0004AD1F4 /* UIColor.swift */,
				85A1E7D929A68B0A004AD1F4 /* Logger.swift */,
			);
			path = Helpers;
			sourceTree = "<group>";
		};
		85F3A8F029CA04C900ACBB6C /* Services */ = {
			isa = PBXGroup;
			children = (
				85F3A8F129CA04EB00ACBB6C /* GCDProfileSaver.swift */,
				85F3A8F329CA6A0D00ACBB6C /* OperationProfileSaver.swift */,
				8549A83A29D2F69C00F0B2E3 /* UserProfileDataManager.swift */,
				859F3FB129E44CA700466172 /* CoreDataService.swift */,
				859F3FB329E44E7300466172 /* ChatDataSource.swift */,
			);
			path = Services;
			sourceTree = "<group>";
		};
		C2AF9B9E62202BEF1B11B9D4 /* Pods */ = {
			isa = PBXGroup;
			children = (
				7168F416F897AFBB3BD2E288 /* Pods-ChatApp.debug.xcconfig */,
				175FEF3CAB6F54FC245259A3 /* Pods-ChatApp.release.xcconfig */,
			);
			path = Pods;
			sourceTree = "<group>";
		};
/* End PBXGroup section */

/* Begin PBXNativeTarget section */
		85A1E7C129A687BA004AD1F4 /* ChatApp */ = {
			isa = PBXNativeTarget;
			buildConfigurationList = 85A1E7D629A687BD004AD1F4 /* Build configuration list for PBXNativeTarget "ChatApp" */;
			buildPhases = (
				1140D33121B7D1645CFE74CE /* [CP] Check Pods Manifest.lock */,
				85A1E7BE29A687BA004AD1F4 /* Sources */,
				85A1E7BF29A687BA004AD1F4 /* Frameworks */,
				85A1E7C029A687BA004AD1F4 /* Resources */,
				1657749766CA2F33E28B1D2C /* [CP] Embed Pods Frameworks */,
				8549A87F29DC228300F0B2E3 /* ShellScript */,
			);
			buildRules = (
			);
			dependencies = (
			);
			name = ChatApp;
			productName = ChatApp;
			productReference = 85A1E7C229A687BA004AD1F4 /* ChatApp.app */;
			productType = "com.apple.product-type.application";
		};
/* End PBXNativeTarget section */

/* Begin PBXProject section */
		85A1E7BA29A687BA004AD1F4 /* Project object */ = {
			isa = PBXProject;
			attributes = {
				BuildIndependentTargetsInParallel = 1;
				LastSwiftUpdateCheck = 1420;
				LastUpgradeCheck = 1420;
				TargetAttributes = {
					85A1E7C129A687BA004AD1F4 = {
						CreatedOnToolsVersion = 14.2;
					};
				};
			};
			buildConfigurationList = 85A1E7BD29A687BA004AD1F4 /* Build configuration list for PBXProject "ChatApp" */;
			compatibilityVersion = "Xcode 14.0";
			developmentRegion = en;
			hasScannedForEncodings = 0;
			knownRegions = (
				en,
				Base,
			);
			mainGroup = 85A1E7B929A687BA004AD1F4;
			productRefGroup = 85A1E7C329A687BA004AD1F4 /* Products */;
			projectDirPath = "";
			projectRoot = "";
			targets = (
				85A1E7C129A687BA004AD1F4 /* ChatApp */,
			);
		};
/* End PBXProject section */

/* Begin PBXResourcesBuildPhase section */
		85A1E7C029A687BA004AD1F4 /* Resources */ = {
			isa = PBXResourcesBuildPhase;
			buildActionMask = 2147483647;
			files = (
				85A1E7D229A687BD004AD1F4 /* LaunchScreen.storyboard in Resources */,
				85A1E7CF29A687BD004AD1F4 /* Assets.xcassets in Resources */,
			);
			runOnlyForDeploymentPostprocessing = 0;
		};
/* End PBXResourcesBuildPhase section */

/* Begin PBXShellScriptBuildPhase section */
		1140D33121B7D1645CFE74CE /* [CP] Check Pods Manifest.lock */ = {
			isa = PBXShellScriptBuildPhase;
			buildActionMask = 2147483647;
			files = (
			);
			inputFileListPaths = (
			);
			inputPaths = (
				"${PODS_PODFILE_DIR_PATH}/Podfile.lock",
				"${PODS_ROOT}/Manifest.lock",
			);
			name = "[CP] Check Pods Manifest.lock";
			outputFileListPaths = (
			);
			outputPaths = (
				"$(DERIVED_FILE_DIR)/Pods-ChatApp-checkManifestLockResult.txt",
			);
			runOnlyForDeploymentPostprocessing = 0;
			shellPath = /bin/sh;
			shellScript = "diff \"${PODS_PODFILE_DIR_PATH}/Podfile.lock\" \"${PODS_ROOT}/Manifest.lock\" > /dev/null\nif [ $? != 0 ] ; then\n    # print error to STDERR\n    echo \"error: The sandbox is not in sync with the Podfile.lock. Run 'pod install' or update your CocoaPods installation.\" >&2\n    exit 1\nfi\n# This output is used by Xcode 'outputs' to avoid re-running this script phase.\necho \"SUCCESS\" > \"${SCRIPT_OUTPUT_FILE_0}\"\n";
			showEnvVarsInLog = 0;
		};
		1657749766CA2F33E28B1D2C /* [CP] Embed Pods Frameworks */ = {
			isa = PBXShellScriptBuildPhase;
			buildActionMask = 2147483647;
			files = (
			);
			inputFileListPaths = (
				"${PODS_ROOT}/Target Support Files/Pods-ChatApp/Pods-ChatApp-frameworks-${CONFIGURATION}-input-files.xcfilelist",
			);
			name = "[CP] Embed Pods Frameworks";
			outputFileListPaths = (
				"${PODS_ROOT}/Target Support Files/Pods-ChatApp/Pods-ChatApp-frameworks-${CONFIGURATION}-output-files.xcfilelist",
			);
			runOnlyForDeploymentPostprocessing = 0;
			shellPath = /bin/sh;
			shellScript = "\"${PODS_ROOT}/Target Support Files/Pods-ChatApp/Pods-ChatApp-frameworks.sh\"\n";
			showEnvVarsInLog = 0;
		};
		8549A87F29DC228300F0B2E3 /* ShellScript */ = {
			isa = PBXShellScriptBuildPhase;
			alwaysOutOfDate = 1;
			buildActionMask = 2147483647;
			files = (
			);
			inputFileListPaths = (
			);
			inputPaths = (
			);
			outputFileListPaths = (
			);
			outputPaths = (
			);
			runOnlyForDeploymentPostprocessing = 0;
			shellPath = /bin/sh;
			shellScript = "# Type a script or drag a script file from your workspace to insert its path.\n\"${PODS_ROOT}/Swiftlint/swiftlint\"\n";
		};
/* End PBXShellScriptBuildPhase section */

/* Begin PBXSourcesBuildPhase section */
		85A1E7BE29A687BA004AD1F4 /* Sources */ = {
			isa = PBXSourcesBuildPhase;
			buildActionMask = 2147483647;
			files = (
				85A1E7F029B5DFCF004AD1F4 /* ConversationViewController.swift in Sources */,
				85A1E7CA29A687BA004AD1F4 /* ConversationsListViewController.swift in Sources */,
				85A1E7F229B5E028004AD1F4 /* ConversationCellModel.swift in Sources */,
				8501E6CF29DD7A45002949E6 /* TabBarController.swift in Sources */,
				8549A88129DC31D600F0B2E3 /* ProfileViewControllerExtension.swift in Sources */,
				85A1E80029BF1CF2004AD1F4 /* ThemesViewController.swift in Sources */,
				85A1E7FA29B8A233004AD1F4 /* MessageModel.swift in Sources */,
				85A1E7DA29A68B0A004AD1F4 /* Logger.swift in Sources */,
				85A1E7F829B8A148004AD1F4 /* MessageTableViewCell.swift in Sources */,
				859F3FB029E4422700466172 /* Chat.xcdatamodeld in Sources */,
				85A1E7EE29AF6C1B004AD1F4 /* UIFont.swift in Sources */,
				85A1E7EA29AF6BB1004AD1F4 /* ProfileViewController.swift in Sources */,
				859F3FB229E44CA700466172 /* CoreDataService.swift in Sources */,
				85F3A8F429CA6A0D00ACBB6C /* OperationProfileSaver.swift in Sources */,
				85A1E7C629A687BA004AD1F4 /* AppDelegate.swift in Sources */,
				85A1E7F629B88B3C004AD1F4 /* UserProfileViewModel.swift in Sources */,
				859F3FB429E44E7300466172 /* ChatDataSource.swift in Sources */,
				8549A83B29D2F69C00F0B2E3 /* UserProfileDataManager.swift in Sources */,
				85A1E7EC29AF6BF0004AD1F4 /* UIColor.swift in Sources */,
				85A1E7F429B5E0CA004AD1F4 /* ConversationCell.swift in Sources */,
				85F3A8F229CA04EB00ACBB6C /* GCDProfileSaver.swift in Sources */,
			);
			runOnlyForDeploymentPostprocessing = 0;
		};
/* End PBXSourcesBuildPhase section */

/* Begin PBXVariantGroup section */
		85A1E7D029A687BD004AD1F4 /* LaunchScreen.storyboard */ = {
			isa = PBXVariantGroup;
			children = (
				85A1E7D129A687BD004AD1F4 /* Base */,
			);
			name = LaunchScreen.storyboard;
			sourceTree = "<group>";
		};
/* End PBXVariantGroup section */

/* Begin XCBuildConfiguration section */
		85A1E7D429A687BD004AD1F4 /* Debug */ = {
			isa = XCBuildConfiguration;
			buildSettings = {
				ALWAYS_SEARCH_USER_PATHS = NO;
				CLANG_ANALYZER_NONNULL = YES;
				CLANG_ANALYZER_NUMBER_OBJECT_CONVERSION = YES_AGGRESSIVE;
				CLANG_CXX_LANGUAGE_STANDARD = "gnu++20";
				CLANG_ENABLE_MODULES = YES;
				CLANG_ENABLE_OBJC_ARC = YES;
				CLANG_ENABLE_OBJC_WEAK = YES;
				CLANG_WARN_BLOCK_CAPTURE_AUTORELEASING = YES;
				CLANG_WARN_BOOL_CONVERSION = YES;
				CLANG_WARN_COMMA = YES;
				CLANG_WARN_CONSTANT_CONVERSION = YES;
				CLANG_WARN_DEPRECATED_OBJC_IMPLEMENTATIONS = YES;
				CLANG_WARN_DIRECT_OBJC_ISA_USAGE = YES_ERROR;
				CLANG_WARN_DOCUMENTATION_COMMENTS = YES;
				CLANG_WARN_EMPTY_BODY = YES;
				CLANG_WARN_ENUM_CONVERSION = YES;
				CLANG_WARN_INFINITE_RECURSION = YES;
				CLANG_WARN_INT_CONVERSION = YES;
				CLANG_WARN_NON_LITERAL_NULL_CONVERSION = YES;
				CLANG_WARN_OBJC_IMPLICIT_RETAIN_SELF = YES;
				CLANG_WARN_OBJC_LITERAL_CONVERSION = YES;
				CLANG_WARN_OBJC_ROOT_CLASS = YES_ERROR;
				CLANG_WARN_QUOTED_INCLUDE_IN_FRAMEWORK_HEADER = YES;
				CLANG_WARN_RANGE_LOOP_ANALYSIS = YES;
				CLANG_WARN_STRICT_PROTOTYPES = YES;
				CLANG_WARN_SUSPICIOUS_MOVE = YES;
				CLANG_WARN_UNGUARDED_AVAILABILITY = YES_AGGRESSIVE;
				CLANG_WARN_UNREACHABLE_CODE = YES;
				CLANG_WARN__DUPLICATE_METHOD_MATCH = YES;
				COPY_PHASE_STRIP = NO;
				DEBUG_INFORMATION_FORMAT = dwarf;
				ENABLE_STRICT_OBJC_MSGSEND = YES;
				ENABLE_TESTABILITY = YES;
				GCC_C_LANGUAGE_STANDARD = gnu11;
				GCC_DYNAMIC_NO_PIC = NO;
				GCC_NO_COMMON_BLOCKS = YES;
				GCC_OPTIMIZATION_LEVEL = 0;
				GCC_PREPROCESSOR_DEFINITIONS = (
					"DEBUG=1",
					"$(inherited)",
				);
				GCC_WARN_64_TO_32_BIT_CONVERSION = YES;
				GCC_WARN_ABOUT_RETURN_TYPE = YES_ERROR;
				GCC_WARN_UNDECLARED_SELECTOR = YES;
				GCC_WARN_UNINITIALIZED_AUTOS = YES_AGGRESSIVE;
				GCC_WARN_UNUSED_FUNCTION = YES;
				GCC_WARN_UNUSED_VARIABLE = YES;
				IPHONEOS_DEPLOYMENT_TARGET = 16.2;
				MTL_ENABLE_DEBUG_INFO = INCLUDE_SOURCE;
				MTL_FAST_MATH = YES;
				ONLY_ACTIVE_ARCH = YES;
				SDKROOT = iphoneos;
				SWIFT_ACTIVE_COMPILATION_CONDITIONS = DEBUG;
				SWIFT_OPTIMIZATION_LEVEL = "-Onone";
			};
			name = Debug;
		};
		85A1E7D529A687BD004AD1F4 /* Release */ = {
			isa = XCBuildConfiguration;
			buildSettings = {
				ALWAYS_SEARCH_USER_PATHS = NO;
				CLANG_ANALYZER_NONNULL = YES;
				CLANG_ANALYZER_NUMBER_OBJECT_CONVERSION = YES_AGGRESSIVE;
				CLANG_CXX_LANGUAGE_STANDARD = "gnu++20";
				CLANG_ENABLE_MODULES = YES;
				CLANG_ENABLE_OBJC_ARC = YES;
				CLANG_ENABLE_OBJC_WEAK = YES;
				CLANG_WARN_BLOCK_CAPTURE_AUTORELEASING = YES;
				CLANG_WARN_BOOL_CONVERSION = YES;
				CLANG_WARN_COMMA = YES;
				CLANG_WARN_CONSTANT_CONVERSION = YES;
				CLANG_WARN_DEPRECATED_OBJC_IMPLEMENTATIONS = YES;
				CLANG_WARN_DIRECT_OBJC_ISA_USAGE = YES_ERROR;
				CLANG_WARN_DOCUMENTATION_COMMENTS = YES;
				CLANG_WARN_EMPTY_BODY = YES;
				CLANG_WARN_ENUM_CONVERSION = YES;
				CLANG_WARN_INFINITE_RECURSION = YES;
				CLANG_WARN_INT_CONVERSION = YES;
				CLANG_WARN_NON_LITERAL_NULL_CONVERSION = YES;
				CLANG_WARN_OBJC_IMPLICIT_RETAIN_SELF = YES;
				CLANG_WARN_OBJC_LITERAL_CONVERSION = YES;
				CLANG_WARN_OBJC_ROOT_CLASS = YES_ERROR;
				CLANG_WARN_QUOTED_INCLUDE_IN_FRAMEWORK_HEADER = YES;
				CLANG_WARN_RANGE_LOOP_ANALYSIS = YES;
				CLANG_WARN_STRICT_PROTOTYPES = YES;
				CLANG_WARN_SUSPICIOUS_MOVE = YES;
				CLANG_WARN_UNGUARDED_AVAILABILITY = YES_AGGRESSIVE;
				CLANG_WARN_UNREACHABLE_CODE = YES;
				CLANG_WARN__DUPLICATE_METHOD_MATCH = YES;
				COPY_PHASE_STRIP = NO;
				DEBUG_INFORMATION_FORMAT = "dwarf-with-dsym";
				ENABLE_NS_ASSERTIONS = NO;
				ENABLE_STRICT_OBJC_MSGSEND = YES;
				GCC_C_LANGUAGE_STANDARD = gnu11;
				GCC_NO_COMMON_BLOCKS = YES;
				GCC_WARN_64_TO_32_BIT_CONVERSION = YES;
				GCC_WARN_ABOUT_RETURN_TYPE = YES_ERROR;
				GCC_WARN_UNDECLARED_SELECTOR = YES;
				GCC_WARN_UNINITIALIZED_AUTOS = YES_AGGRESSIVE;
				GCC_WARN_UNUSED_FUNCTION = YES;
				GCC_WARN_UNUSED_VARIABLE = YES;
				IPHONEOS_DEPLOYMENT_TARGET = 16.2;
				MTL_ENABLE_DEBUG_INFO = NO;
				MTL_FAST_MATH = YES;
				SDKROOT = iphoneos;
				SWIFT_COMPILATION_MODE = wholemodule;
				SWIFT_OPTIMIZATION_LEVEL = "-O";
				VALIDATE_PRODUCT = YES;
			};
			name = Release;
		};
		85A1E7D729A687BD004AD1F4 /* Debug */ = {
			isa = XCBuildConfiguration;
			baseConfigurationReference = 7168F416F897AFBB3BD2E288 /* Pods-ChatApp.debug.xcconfig */;
			buildSettings = {
				ASSETCATALOG_COMPILER_APPICON_NAME = AppIcon;
				ASSETCATALOG_COMPILER_GLOBAL_ACCENT_COLOR_NAME = AccentColor;
				CODE_SIGN_STYLE = Automatic;
				CURRENT_PROJECT_VERSION = 1;
				DEVELOPMENT_TEAM = HLV8HT4WV9;
				GENERATE_INFOPLIST_FILE = YES;
				INFOPLIST_FILE = ChatApp/Info.plist;
				INFOPLIST_KEY_UIApplicationSupportsIndirectInputEvents = YES;
				INFOPLIST_KEY_UILaunchStoryboardName = LaunchScreen;
				INFOPLIST_KEY_UISupportedInterfaceOrientations = UIInterfaceOrientationPortrait;
				INFOPLIST_KEY_UISupportedInterfaceOrientations_iPad = "UIInterfaceOrientationLandscapeLeft UIInterfaceOrientationLandscapeRight UIInterfaceOrientationPortrait UIInterfaceOrientationPortraitUpsideDown";
				IPHONEOS_DEPLOYMENT_TARGET = 14.0;
				LD_RUNPATH_SEARCH_PATHS = (
					"$(inherited)",
					"@executable_path/Frameworks",
				);
				MARKETING_VERSION = 1.0;
				PRODUCT_BUNDLE_IDENTIFIER = ru.tinkoff.ChatApp;
				PRODUCT_NAME = "$(TARGET_NAME)";
				SUPPORTED_PLATFORMS = "iphoneos iphonesimulator";
				SUPPORTS_MACCATALYST = NO;
				SUPPORTS_MAC_DESIGNED_FOR_IPHONE_IPAD = YES;
				SWIFT_EMIT_LOC_STRINGS = YES;
				SWIFT_VERSION = 5.0;
				TARGETED_DEVICE_FAMILY = 1;
			};
			name = Debug;
		};
		85A1E7D829A687BD004AD1F4 /* Release */ = {
			isa = XCBuildConfiguration;
			baseConfigurationReference = 175FEF3CAB6F54FC245259A3 /* Pods-ChatApp.release.xcconfig */;
			buildSettings = {
				ASSETCATALOG_COMPILER_APPICON_NAME = AppIcon;
				ASSETCATALOG_COMPILER_GLOBAL_ACCENT_COLOR_NAME = AccentColor;
				CODE_SIGN_STYLE = Automatic;
				CURRENT_PROJECT_VERSION = 1;
				DEVELOPMENT_TEAM = HLV8HT4WV9;
				GENERATE_INFOPLIST_FILE = YES;
				INFOPLIST_FILE = ChatApp/Info.plist;
				INFOPLIST_KEY_UIApplicationSupportsIndirectInputEvents = YES;
				INFOPLIST_KEY_UILaunchStoryboardName = LaunchScreen;
				INFOPLIST_KEY_UISupportedInterfaceOrientations = UIInterfaceOrientationPortrait;
				INFOPLIST_KEY_UISupportedInterfaceOrientations_iPad = "UIInterfaceOrientationLandscapeLeft UIInterfaceOrientationLandscapeRight UIInterfaceOrientationPortrait UIInterfaceOrientationPortraitUpsideDown";
				IPHONEOS_DEPLOYMENT_TARGET = 14.0;
				LD_RUNPATH_SEARCH_PATHS = (
					"$(inherited)",
					"@executable_path/Frameworks",
				);
				MARKETING_VERSION = 1.0;
				PRODUCT_BUNDLE_IDENTIFIER = ru.tinkoff.ChatApp;
				PRODUCT_NAME = "$(TARGET_NAME)";
				SUPPORTED_PLATFORMS = "iphoneos iphonesimulator";
				SUPPORTS_MACCATALYST = NO;
				SUPPORTS_MAC_DESIGNED_FOR_IPHONE_IPAD = YES;
				SWIFT_EMIT_LOC_STRINGS = YES;
				SWIFT_VERSION = 5.0;
				TARGETED_DEVICE_FAMILY = 1;
			};
			name = Release;
		};
/* End XCBuildConfiguration section */

/* Begin XCConfigurationList section */
		85A1E7BD29A687BA004AD1F4 /* Build configuration list for PBXProject "ChatApp" */ = {
			isa = XCConfigurationList;
			buildConfigurations = (
				85A1E7D429A687BD004AD1F4 /* Debug */,
				85A1E7D529A687BD004AD1F4 /* Release */,
			);
			defaultConfigurationIsVisible = 0;
			defaultConfigurationName = Release;
		};
		85A1E7D629A687BD004AD1F4 /* Build configuration list for PBXNativeTarget "ChatApp" */ = {
			isa = XCConfigurationList;
			buildConfigurations = (
				85A1E7D729A687BD004AD1F4 /* Debug */,
				85A1E7D829A687BD004AD1F4 /* Release */,
			);
			defaultConfigurationIsVisible = 0;
			defaultConfigurationName = Release;
		};
/* End XCConfigurationList section */

/* Begin XCVersionGroup section */
		859F3FAE29E4422700466172 /* Chat.xcdatamodeld */ = {
			isa = XCVersionGroup;
			children = (
				859F3FAF29E4422700466172 /* Chat.xcdatamodel */,
			);
			currentVersion = 859F3FAF29E4422700466172 /* Chat.xcdatamodel */;
			path = Chat.xcdatamodeld;
			sourceTree = "<group>";
			versionGroupType = wrapper.xcdatamodel;
		};
/* End XCVersionGroup section */
	};
	rootObject = 85A1E7BA29A687BA004AD1F4 /* Project object */;
}
